
Microsoft Visual Studio Solution File, Format Version 12.00
# Visual Studio 2012
Project("{FAE04EC0-301F-11D3-BF4B-00C04F79EFBC}") = "01. Read3Ints", "ConsoleInputOutput\01. Read3Ints.csproj", "{258E0306-8F67-47DE-9193-DCBB2C1DC99E}"
EndProject
Project("{FAE04EC0-301F-11D3-BF4B-00C04F79EFBC}") = "03. CompanyInfo", "CompanyInfo\03. CompanyInfo.csproj", "{4C96B3DA-4837-4D70-8D3E-6F74C2A65B7A}"
EndProject
Project("{FAE04EC0-301F-11D3-BF4B-00C04F79EFBC}") = "04. NumbersWithReminder5", "NumbersWithReminder5\04. NumbersWithReminder5.csproj", "{80E21349-1F32-4D43-A41E-F4F09CDC4DD2}"
EndProject
Project("{FAE04EC0-301F-11D3-BF4B-00C04F79EFBC}") = "02. CircleAreaAndParameter", "02. CircleAreaAndParameter\02. CircleAreaAndParameter.csproj", "{8528BEE3-690F-4C3E-90F7-5247BDD34DE2}"
EndProject
Project("{FAE04EC0-301F-11D3-BF4B-00C04F79EFBC}") = "06. QuadraticEquasion", "QuadraticEquasion\06. QuadraticEquasion.csproj", "{93EB88F9-E78E-4080-98DE-A900338DD772}"
EndProject
Project("{FAE04EC0-301F-11D3-BF4B-00C04F79EFBC}") = "05. GreaterNumberNoIfStatements", "GreaterNumberNoIfStatements\05. GreaterNumberNoIfStatements.csproj", "{D7BAC025-4F67-4F90-87ED-C11C9DAB1DA2}"
EndProject
Project("{FAE04EC0-301F-11D3-BF4B-00C04F79EFBC}") = "07. SumOfNNumbers", "SumOfNNumbers\07. SumOfNNumbers.csproj", "{061C28F7-3BB8-4D3F-AB92-C47DD4A4EA01}"
EndProject
Project("{FAE04EC0-301F-11D3-BF4B-00C04F79EFBC}") = "08. PrintNumbersInterval", "PrintNumbersInterval\08. PrintNumbersInterval.csproj", "{B554B0A7-0129-420A-A165-B58B1AF2D882}"
EndProject
Project("{FAE04EC0-301F-11D3-BF4B-00C04F79EFBC}") = "09. PrintNumbersInInterval", "PrintNumbersInInterval\09. PrintNumbersInInterval.csproj", "{9ECCBA0E-A9CE-4DB7-A00A-5BEF179361F9}"
EndProject
Global
	GlobalSection(SolutionConfigurationPlatforms) = preSolution
		Debug|Any CPU = Debug|Any CPU
		Release|Any CPU = Release|Any CPU
	EndGlobalSection
	GlobalSection(ProjectConfigurationPlatforms) = postSolution
		{258E0306-8F67-47DE-9193-DCBB2C1DC99E}.Debug|Any CPU.ActiveCfg = Debug|Any CPU
		{258E0306-8F67-47DE-9193-DCBB2C1DC99E}.Debug|Any CPU.Build.0 = Debug|Any CPU
		{258E0306-8F67-47DE-9193-DCBB2C1DC99E}.Release|Any CPU.ActiveCfg = Release|Any CPU
		{258E0306-8F67-47DE-9193-DCBB2C1DC99E}.Release|Any CPU.Build.0 = Release|Any CPU
		{4C96B3DA-4837-4D70-8D3E-6F74C2A65B7A}.Debug|Any CPU.ActiveCfg = Debug|Any CPU
		{4C96B3DA-4837-4D70-8D3E-6F74C2A65B7A}.Debug|Any CPU.Build.0 = Debug|Any CPU
		{4C96B3DA-4837-4D70-8D3E-6F74C2A65B7A}.Release|Any CPU.ActiveCfg = Release|Any CPU
		{4C96B3DA-4837-4D70-8D3E-6F74C2A65B7A}.Release|Any CPU.Build.0 = Release|Any CPU
		{80E21349-1F32-4D43-A41E-F4F09CDC4DD2}.Debug|Any CPU.ActiveCfg = Debug|Any CPU
		{80E21349-1F32-4D43-A41E-F4F09CDC4DD2}.Debug|Any CPU.Build.0 = Debug|Any CPU
		{80E21349-1F32-4D43-A41E-F4F09CDC4DD2}.Release|Any CPU.ActiveCfg = Release|Any CPU
		{80E21349-1F32-4D43-A41E-F4F09CDC4DD2}.Release|Any CPU.Build.0 = Release|Any CPU
		{8528BEE3-690F-4C3E-90F7-5247BDD34DE2}.Debug|Any CPU.ActiveCfg = Debug|Any CPU
		{8528BEE3-690F-4C3E-90F7-5247BDD34DE2}.Debug|Any CPU.Build.0 = Debug|Any CPU
		{8528BEE3-690F-4C3E-90F7-5247BDD34DE2}.Release|Any CPU.ActiveCfg = Release|Any CPU
		{8528BEE3-690F-4C3E-90F7-5247BDD34DE2}.Release|Any CPU.Build.0 = Release|Any CPU
		{93EB88F9-E78E-4080-98DE-A900338DD772}.Debug|Any CPU.ActiveCfg = Debug|Any CPU
		{93EB88F9-E78E-4080-98DE-A900338DD772}.Debug|Any CPU.Build.0 = Debug|Any CPU
		{93EB88F9-E78E-4080-98DE-A900338DD772}.Release|Any CPU.ActiveCfg = Release|Any CPU
		{93EB88F9-E78E-4080-98DE-A900338DD772}.Release|Any CPU.Build.0 = Release|Any CPU
		{D7BAC025-4F67-4F90-87ED-C11C9DAB1DA2}.Debug|Any CPU.ActiveCfg = Debug|Any CPU
		{D7BAC025-4F67-4F90-87ED-C11C9DAB1DA2}.Debug|Any CPU.Build.0 = Debug|Any CPU
		{D7BAC025-4F67-4F90-87ED-C11C9DAB1DA2}.Release|Any CPU.ActiveCfg = Release|Any CPU
		{D7BAC025-4F67-4F90-87ED-C11C9DAB1DA2}.Release|Any CPU.Build.0 = Release|Any CPU
		{061C28F7-3BB8-4D3F-AB92-C47DD4A4EA01}.Debug|Any CPU.ActiveCfg = Debug|Any CPU
		{061C28F7-3BB8-4D3F-AB92-C47DD4A4EA01}.Debug|Any CPU.Build.0 = Debug|Any CPU
		{061C28F7-3BB8-4D3F-AB92-C47DD4A4EA01}.Release|Any CPU.ActiveCfg = Release|Any CPU
		{061C28F7-3BB8-4D3F-AB92-C47DD4A4EA01}.Release|Any CPU.Build.0 = Release|Any CPU
		{B554B0A7-0129-420A-A165-B58B1AF2D882}.Debug|Any CPU.ActiveCfg = Debug|Any CPU
		{B554B0A7-0129-420A-A165-B58B1AF2D882}.Debug|Any CPU.Build.0 = Debug|Any CPU
		{B554B0A7-0129-420A-A165-B58B1AF2D882}.Release|Any CPU.ActiveCfg = Release|Any CPU
		{B554B0A7-0129-420A-A165-B58B1AF2D882}.Release|Any CPU.Build.0 = Release|Any CPU
		{9ECCBA0E-A9CE-4DB7-A00A-5BEF179361F9}.Debug|Any CPU.ActiveCfg = Debug|Any CPU
		{9ECCBA0E-A9CE-4DB7-A00A-5BEF179361F9}.Debug|Any CPU.Build.0 = Debug|Any CPU
		{9ECCBA0E-A9CE-4DB7-A00A-5BEF179361F9}.Release|Any CPU.ActiveCfg = Release|Any CPU
		{9ECCBA0E-A9CE-4DB7-A00A-5BEF179361F9}.Release|Any CPU.Build.0 = Release|Any CPU
	EndGlobalSection
	GlobalSection(SolutionProperties) = preSolution
		HideSolutionNode = FALSE
	EndGlobalSection
EndGlobal
