
Microsoft Visual Studio Solution File, Format Version 12.00
# Visual Studio 2012
Project("{FAE04EC0-301F-11D3-BF4B-00C04F79EFBC}") = "01. Student", "Student\01. Student.csproj", "{930DE1A3-A712-48FE-A334-6E753BA98F4D}"
EndProject
Project("{FAE04EC0-301F-11D3-BF4B-00C04F79EFBC}") = "02. Person", "Person\02. Person.csproj", "{8B05B250-E2CA-44AE-BA4A-FABD69AC54E4}"
EndProject
Project("{FAE04EC0-301F-11D3-BF4B-00C04F79EFBC}") = "03. BitArray64", "BitArray64\03. BitArray64.csproj", "{6BB8DE16-CB9F-43D2-880C-71883D4EBE71}"
EndProject
Global
	GlobalSection(SolutionConfigurationPlatforms) = preSolution
		Debug|Any CPU = Debug|Any CPU
		Release|Any CPU = Release|Any CPU
	EndGlobalSection
	GlobalSection(ProjectConfigurationPlatforms) = postSolution
		{930DE1A3-A712-48FE-A334-6E753BA98F4D}.Debug|Any CPU.ActiveCfg = Debug|Any CPU
		{930DE1A3-A712-48FE-A334-6E753BA98F4D}.Debug|Any CPU.Build.0 = Debug|Any CPU
		{930DE1A3-A712-48FE-A334-6E753BA98F4D}.Release|Any CPU.ActiveCfg = Release|Any CPU
		{930DE1A3-A712-48FE-A334-6E753BA98F4D}.Release|Any CPU.Build.0 = Release|Any CPU
		{8B05B250-E2CA-44AE-BA4A-FABD69AC54E4}.Debug|Any CPU.ActiveCfg = Debug|Any CPU
		{8B05B250-E2CA-44AE-BA4A-FABD69AC54E4}.Debug|Any CPU.Build.0 = Debug|Any CPU
		{8B05B250-E2CA-44AE-BA4A-FABD69AC54E4}.Release|Any CPU.ActiveCfg = Release|Any CPU
		{8B05B250-E2CA-44AE-BA4A-FABD69AC54E4}.Release|Any CPU.Build.0 = Release|Any CPU
		{6BB8DE16-CB9F-43D2-880C-71883D4EBE71}.Debug|Any CPU.ActiveCfg = Debug|Any CPU
		{6BB8DE16-CB9F-43D2-880C-71883D4EBE71}.Debug|Any CPU.Build.0 = Debug|Any CPU
		{6BB8DE16-CB9F-43D2-880C-71883D4EBE71}.Release|Any CPU.ActiveCfg = Release|Any CPU
		{6BB8DE16-CB9F-43D2-880C-71883D4EBE71}.Release|Any CPU.Build.0 = Release|Any CPU
	EndGlobalSection
	GlobalSection(SolutionProperties) = preSolution
		HideSolutionNode = FALSE
	EndGlobalSection
EndGlobal
