
Microsoft Visual Studio Solution File, Format Version 12.00
# Visual Studio 2012
Project("{FAE04EC0-301F-11D3-BF4B-00C04F79EFBC}") = "01. SubString", "ExtensionMethodsDelegatesLambdaLINQ\01. SubString.csproj", "{F44BBC91-73C4-46A2-8197-7F5056816590}"
EndProject
Project("{FAE04EC0-301F-11D3-BF4B-00C04F79EFBC}") = "03. StudentNames", "StudentNames\03. StudentNames.csproj", "{A40D740F-BEA7-4C7C-B450-324668FB4E69}"
EndProject
Project("{FAE04EC0-301F-11D3-BF4B-00C04F79EFBC}") = "04. StudentAges", "StudentName\04. StudentAges.csproj", "{540E313B-A51D-4973-81C0-9B396164A6C9}"
EndProject
Project("{FAE04EC0-301F-11D3-BF4B-00C04F79EFBC}") = "05. OrderByName", "OrderByNameLINQ\05. OrderByName.csproj", "{6AD2663D-9F69-4460-8ADA-429030DA563C}"
EndProject
Project("{FAE04EC0-301F-11D3-BF4B-00C04F79EFBC}") = "06. SelectNumbs", "SelectNumbsWithLambdaAndLINQ\06. SelectNumbs.csproj", "{8B908989-5F8B-412E-A9C5-429FDC4D9E9F}"
EndProject
Project("{FAE04EC0-301F-11D3-BF4B-00C04F79EFBC}") = "07. Timer", "Timer\07. Timer.csproj", "{B805BF68-77A3-4461-9658-F6E711830561}"
EndProject
Global
	GlobalSection(SolutionConfigurationPlatforms) = preSolution
		Debug|Any CPU = Debug|Any CPU
		Release|Any CPU = Release|Any CPU
	EndGlobalSection
	GlobalSection(ProjectConfigurationPlatforms) = postSolution
		{F44BBC91-73C4-46A2-8197-7F5056816590}.Debug|Any CPU.ActiveCfg = Debug|Any CPU
		{F44BBC91-73C4-46A2-8197-7F5056816590}.Debug|Any CPU.Build.0 = Debug|Any CPU
		{F44BBC91-73C4-46A2-8197-7F5056816590}.Release|Any CPU.ActiveCfg = Release|Any CPU
		{F44BBC91-73C4-46A2-8197-7F5056816590}.Release|Any CPU.Build.0 = Release|Any CPU
		{A40D740F-BEA7-4C7C-B450-324668FB4E69}.Debug|Any CPU.ActiveCfg = Debug|Any CPU
		{A40D740F-BEA7-4C7C-B450-324668FB4E69}.Debug|Any CPU.Build.0 = Debug|Any CPU
		{A40D740F-BEA7-4C7C-B450-324668FB4E69}.Release|Any CPU.ActiveCfg = Release|Any CPU
		{A40D740F-BEA7-4C7C-B450-324668FB4E69}.Release|Any CPU.Build.0 = Release|Any CPU
		{540E313B-A51D-4973-81C0-9B396164A6C9}.Debug|Any CPU.ActiveCfg = Debug|Any CPU
		{540E313B-A51D-4973-81C0-9B396164A6C9}.Debug|Any CPU.Build.0 = Debug|Any CPU
		{540E313B-A51D-4973-81C0-9B396164A6C9}.Release|Any CPU.ActiveCfg = Release|Any CPU
		{540E313B-A51D-4973-81C0-9B396164A6C9}.Release|Any CPU.Build.0 = Release|Any CPU
		{6AD2663D-9F69-4460-8ADA-429030DA563C}.Debug|Any CPU.ActiveCfg = Debug|Any CPU
		{6AD2663D-9F69-4460-8ADA-429030DA563C}.Debug|Any CPU.Build.0 = Debug|Any CPU
		{6AD2663D-9F69-4460-8ADA-429030DA563C}.Release|Any CPU.ActiveCfg = Release|Any CPU
		{6AD2663D-9F69-4460-8ADA-429030DA563C}.Release|Any CPU.Build.0 = Release|Any CPU
		{8B908989-5F8B-412E-A9C5-429FDC4D9E9F}.Debug|Any CPU.ActiveCfg = Debug|Any CPU
		{8B908989-5F8B-412E-A9C5-429FDC4D9E9F}.Debug|Any CPU.Build.0 = Debug|Any CPU
		{8B908989-5F8B-412E-A9C5-429FDC4D9E9F}.Release|Any CPU.ActiveCfg = Release|Any CPU
		{8B908989-5F8B-412E-A9C5-429FDC4D9E9F}.Release|Any CPU.Build.0 = Release|Any CPU
		{B805BF68-77A3-4461-9658-F6E711830561}.Debug|Any CPU.ActiveCfg = Debug|Any CPU
		{B805BF68-77A3-4461-9658-F6E711830561}.Debug|Any CPU.Build.0 = Debug|Any CPU
		{B805BF68-77A3-4461-9658-F6E711830561}.Release|Any CPU.ActiveCfg = Release|Any CPU
		{B805BF68-77A3-4461-9658-F6E711830561}.Release|Any CPU.Build.0 = Release|Any CPU
	EndGlobalSection
	GlobalSection(SolutionProperties) = preSolution
		HideSolutionNode = FALSE
	EndGlobalSection
EndGlobal
