
Microsoft Visual Studio Solution File, Format Version 12.00
# Visual Studio 2012
Project("{FAE04EC0-301F-11D3-BF4B-00C04F79EFBC}") = "01. DecimalToBinary", "NumberSystems\01. DecimalToBinary.csproj", "{968BC397-F7FE-4763-BA47-97025248429D}"
EndProject
Project("{FAE04EC0-301F-11D3-BF4B-00C04F79EFBC}") = "02. BinaryToDecimal", "BinaryToDecimal\02. BinaryToDecimal.csproj", "{52AC3C14-4BF4-44FF-BAF8-3DE2AF77D5D7}"
EndProject
Project("{FAE04EC0-301F-11D3-BF4B-00C04F79EFBC}") = "03. DecimalToHex", "DecimalToHex\03. DecimalToHex.csproj", "{360FD5ED-3EAF-4F9F-B071-BCE7855C271F}"
EndProject
Project("{FAE04EC0-301F-11D3-BF4B-00C04F79EFBC}") = "04. HexToDecimal", "HexToDecimal\04. HexToDecimal.csproj", "{D491A0AB-DB6A-49C8-B3CE-9A03E42445BD}"
EndProject
Project("{FAE04EC0-301F-11D3-BF4B-00C04F79EFBC}") = "05. HexToBinary", "HexToBinary\05. HexToBinary.csproj", "{4653D0D0-93AD-44BF-9ADC-A5756D900B29}"
EndProject
Project("{FAE04EC0-301F-11D3-BF4B-00C04F79EFBC}") = "06. BinaryToHex", "BinaryToHex\06. BinaryToHex.csproj", "{A34CA20C-02BF-458E-A1EB-6AD2C931CEEE}"
EndProject
Global
	GlobalSection(SolutionConfigurationPlatforms) = preSolution
		Debug|Any CPU = Debug|Any CPU
		Release|Any CPU = Release|Any CPU
	EndGlobalSection
	GlobalSection(ProjectConfigurationPlatforms) = postSolution
		{968BC397-F7FE-4763-BA47-97025248429D}.Debug|Any CPU.ActiveCfg = Debug|Any CPU
		{968BC397-F7FE-4763-BA47-97025248429D}.Debug|Any CPU.Build.0 = Debug|Any CPU
		{968BC397-F7FE-4763-BA47-97025248429D}.Release|Any CPU.ActiveCfg = Release|Any CPU
		{968BC397-F7FE-4763-BA47-97025248429D}.Release|Any CPU.Build.0 = Release|Any CPU
		{52AC3C14-4BF4-44FF-BAF8-3DE2AF77D5D7}.Debug|Any CPU.ActiveCfg = Debug|Any CPU
		{52AC3C14-4BF4-44FF-BAF8-3DE2AF77D5D7}.Debug|Any CPU.Build.0 = Debug|Any CPU
		{52AC3C14-4BF4-44FF-BAF8-3DE2AF77D5D7}.Release|Any CPU.ActiveCfg = Release|Any CPU
		{52AC3C14-4BF4-44FF-BAF8-3DE2AF77D5D7}.Release|Any CPU.Build.0 = Release|Any CPU
		{360FD5ED-3EAF-4F9F-B071-BCE7855C271F}.Debug|Any CPU.ActiveCfg = Debug|Any CPU
		{360FD5ED-3EAF-4F9F-B071-BCE7855C271F}.Debug|Any CPU.Build.0 = Debug|Any CPU
		{360FD5ED-3EAF-4F9F-B071-BCE7855C271F}.Release|Any CPU.ActiveCfg = Release|Any CPU
		{360FD5ED-3EAF-4F9F-B071-BCE7855C271F}.Release|Any CPU.Build.0 = Release|Any CPU
		{D491A0AB-DB6A-49C8-B3CE-9A03E42445BD}.Debug|Any CPU.ActiveCfg = Debug|Any CPU
		{D491A0AB-DB6A-49C8-B3CE-9A03E42445BD}.Debug|Any CPU.Build.0 = Debug|Any CPU
		{D491A0AB-DB6A-49C8-B3CE-9A03E42445BD}.Release|Any CPU.ActiveCfg = Release|Any CPU
		{D491A0AB-DB6A-49C8-B3CE-9A03E42445BD}.Release|Any CPU.Build.0 = Release|Any CPU
		{4653D0D0-93AD-44BF-9ADC-A5756D900B29}.Debug|Any CPU.ActiveCfg = Debug|Any CPU
		{4653D0D0-93AD-44BF-9ADC-A5756D900B29}.Debug|Any CPU.Build.0 = Debug|Any CPU
		{4653D0D0-93AD-44BF-9ADC-A5756D900B29}.Release|Any CPU.ActiveCfg = Release|Any CPU
		{4653D0D0-93AD-44BF-9ADC-A5756D900B29}.Release|Any CPU.Build.0 = Release|Any CPU
		{A34CA20C-02BF-458E-A1EB-6AD2C931CEEE}.Debug|Any CPU.ActiveCfg = Debug|Any CPU
		{A34CA20C-02BF-458E-A1EB-6AD2C931CEEE}.Debug|Any CPU.Build.0 = Debug|Any CPU
		{A34CA20C-02BF-458E-A1EB-6AD2C931CEEE}.Release|Any CPU.ActiveCfg = Release|Any CPU
		{A34CA20C-02BF-458E-A1EB-6AD2C931CEEE}.Release|Any CPU.Build.0 = Release|Any CPU
	EndGlobalSection
	GlobalSection(SolutionProperties) = preSolution
		HideSolutionNode = FALSE
	EndGlobalSection
EndGlobal
