
Microsoft Visual Studio Solution File, Format Version 12.00
# Visual Studio 2012
Project("{FAE04EC0-301F-11D3-BF4B-00C04F79EFBC}") = "MobileClass", "MobileClass\MobileClass.csproj", "{9AABE461-9344-4F17-8C36-AF77D74574CD}"
EndProject
Global
	GlobalSection(SolutionConfigurationPlatforms) = preSolution
		Debug|Any CPU = Debug|Any CPU
		Release|Any CPU = Release|Any CPU
	EndGlobalSection
	GlobalSection(ProjectConfigurationPlatforms) = postSolution
		{9AABE461-9344-4F17-8C36-AF77D74574CD}.Debug|Any CPU.ActiveCfg = Debug|Any CPU
		{9AABE461-9344-4F17-8C36-AF77D74574CD}.Debug|Any CPU.Build.0 = Debug|Any CPU
		{9AABE461-9344-4F17-8C36-AF77D74574CD}.Release|Any CPU.ActiveCfg = Release|Any CPU
		{9AABE461-9344-4F17-8C36-AF77D74574CD}.Release|Any CPU.Build.0 = Release|Any CPU
	EndGlobalSection
	GlobalSection(SolutionProperties) = preSolution
		HideSolutionNode = FALSE
	EndGlobalSection
EndGlobal
