
Microsoft Visual Studio Solution File, Format Version 12.00
# Visual Studio 2012
Project("{FAE04EC0-301F-11D3-BF4B-00C04F79EFBC}") = "01. MatrixByN", "01. MatrixByN\01. MatrixByN.csproj", "{CA6DE869-D42D-4EEE-A4A6-3BEBAB7842E3}"
EndProject
Project("{FAE04EC0-301F-11D3-BF4B-00C04F79EFBC}") = "02. MaxSum3x3", "02. MaxSum3x3\02. MaxSum3x3.csproj", "{C77928FE-5120-4B3E-807F-F355DB79A37A}"
EndProject
Project("{FAE04EC0-301F-11D3-BF4B-00C04F79EFBC}") = "03. LongestStringSequenceInMatrix", "03. LongestStringSequenceInMatrix\03. LongestStringSequenceInMatrix.csproj", "{EBA4FBDD-2488-4E00-B1C7-9D97F084A9E8}"
EndProject
Project("{FAE04EC0-301F-11D3-BF4B-00C04F79EFBC}") = "04. BinarySearchArray", "04. BinarySearchArray\04. BinarySearchArray.csproj", "{5A6DA211-7368-473C-AB4D-42406A83309B}"
EndProject
Project("{FAE04EC0-301F-11D3-BF4B-00C04F79EFBC}") = "05. SortStringArrayByLenght", "05. SortStringArrayByLenght\05. SortStringArrayByLenght.csproj", "{9D6E0BED-7D70-461D-8796-C27BBA6E215C}"
EndProject
Project("{FAE04EC0-301F-11D3-BF4B-00C04F79EFBC}") = "06. ClassMatrix", "06. ClassMatrix\06. ClassMatrix.csproj", "{16A5A622-B17E-4883-BB9F-269EFA8927C7}"
EndProject
Project("{FAE04EC0-301F-11D3-BF4B-00C04F79EFBC}") = "07. MaxAreaDFS", "07. MaxAreaDFS\07. MaxAreaDFS.csproj", "{2520A5EB-1EA5-4CBA-BE3B-B21AF0D0E0DE}"
EndProject
Global
	GlobalSection(SolutionConfigurationPlatforms) = preSolution
		Debug|Any CPU = Debug|Any CPU
		Release|Any CPU = Release|Any CPU
	EndGlobalSection
	GlobalSection(ProjectConfigurationPlatforms) = postSolution
		{CA6DE869-D42D-4EEE-A4A6-3BEBAB7842E3}.Debug|Any CPU.ActiveCfg = Debug|Any CPU
		{CA6DE869-D42D-4EEE-A4A6-3BEBAB7842E3}.Debug|Any CPU.Build.0 = Debug|Any CPU
		{CA6DE869-D42D-4EEE-A4A6-3BEBAB7842E3}.Release|Any CPU.ActiveCfg = Release|Any CPU
		{CA6DE869-D42D-4EEE-A4A6-3BEBAB7842E3}.Release|Any CPU.Build.0 = Release|Any CPU
		{C77928FE-5120-4B3E-807F-F355DB79A37A}.Debug|Any CPU.ActiveCfg = Debug|Any CPU
		{C77928FE-5120-4B3E-807F-F355DB79A37A}.Debug|Any CPU.Build.0 = Debug|Any CPU
		{C77928FE-5120-4B3E-807F-F355DB79A37A}.Release|Any CPU.ActiveCfg = Release|Any CPU
		{C77928FE-5120-4B3E-807F-F355DB79A37A}.Release|Any CPU.Build.0 = Release|Any CPU
		{EBA4FBDD-2488-4E00-B1C7-9D97F084A9E8}.Debug|Any CPU.ActiveCfg = Debug|Any CPU
		{EBA4FBDD-2488-4E00-B1C7-9D97F084A9E8}.Debug|Any CPU.Build.0 = Debug|Any CPU
		{EBA4FBDD-2488-4E00-B1C7-9D97F084A9E8}.Release|Any CPU.ActiveCfg = Release|Any CPU
		{EBA4FBDD-2488-4E00-B1C7-9D97F084A9E8}.Release|Any CPU.Build.0 = Release|Any CPU
		{5A6DA211-7368-473C-AB4D-42406A83309B}.Debug|Any CPU.ActiveCfg = Debug|Any CPU
		{5A6DA211-7368-473C-AB4D-42406A83309B}.Debug|Any CPU.Build.0 = Debug|Any CPU
		{5A6DA211-7368-473C-AB4D-42406A83309B}.Release|Any CPU.ActiveCfg = Release|Any CPU
		{5A6DA211-7368-473C-AB4D-42406A83309B}.Release|Any CPU.Build.0 = Release|Any CPU
		{9D6E0BED-7D70-461D-8796-C27BBA6E215C}.Debug|Any CPU.ActiveCfg = Debug|Any CPU
		{9D6E0BED-7D70-461D-8796-C27BBA6E215C}.Debug|Any CPU.Build.0 = Debug|Any CPU
		{9D6E0BED-7D70-461D-8796-C27BBA6E215C}.Release|Any CPU.ActiveCfg = Release|Any CPU
		{9D6E0BED-7D70-461D-8796-C27BBA6E215C}.Release|Any CPU.Build.0 = Release|Any CPU
		{16A5A622-B17E-4883-BB9F-269EFA8927C7}.Debug|Any CPU.ActiveCfg = Debug|Any CPU
		{16A5A622-B17E-4883-BB9F-269EFA8927C7}.Debug|Any CPU.Build.0 = Debug|Any CPU
		{16A5A622-B17E-4883-BB9F-269EFA8927C7}.Release|Any CPU.ActiveCfg = Release|Any CPU
		{16A5A622-B17E-4883-BB9F-269EFA8927C7}.Release|Any CPU.Build.0 = Release|Any CPU
		{2520A5EB-1EA5-4CBA-BE3B-B21AF0D0E0DE}.Debug|Any CPU.ActiveCfg = Debug|Any CPU
		{2520A5EB-1EA5-4CBA-BE3B-B21AF0D0E0DE}.Debug|Any CPU.Build.0 = Debug|Any CPU
		{2520A5EB-1EA5-4CBA-BE3B-B21AF0D0E0DE}.Release|Any CPU.ActiveCfg = Release|Any CPU
		{2520A5EB-1EA5-4CBA-BE3B-B21AF0D0E0DE}.Release|Any CPU.Build.0 = Release|Any CPU
	EndGlobalSection
	GlobalSection(SolutionProperties) = preSolution
		HideSolutionNode = FALSE
	EndGlobalSection
EndGlobal
