
Microsoft Visual Studio Solution File, Format Version 12.00
# Visual Studio 2012
Project("{FAE04EC0-301F-11D3-BF4B-00C04F79EFBC}") = "01. Numbers1toN", "01. Numbers1toN\01. Numbers1toN.csproj", "{59116AB4-E878-4FC5-84EF-88EBD58FCE68}"
EndProject
Project("{FAE04EC0-301F-11D3-BF4B-00C04F79EFBC}") = "02. NumbersDevindedBy7and3", "02. NumbersDevindedBy7and3\02. NumbersDevindedBy7and3.csproj", "{D07F5DB3-80C1-41F5-ABAA-38E5D5FB2C8D}"
EndProject
Project("{FAE04EC0-301F-11D3-BF4B-00C04F79EFBC}") = "03. MinAndMaxFromNumbers", "03. MinAndMaxFromNumbers\03. MinAndMaxFromNumbers.csproj", "{EB280DD7-36AD-4FC0-A8FF-42C4DAFB8384}"
EndProject
Project("{FAE04EC0-301F-11D3-BF4B-00C04F79EFBC}") = "04. NFactorielAndKFactorielDivide", "04. NFactorielAndKFactorielDivide\04. NFactorielAndKFactorielDivide.csproj", "{AE88E71C-2743-4F9C-A06E-CA1AEAB8B09C}"
EndProject
Project("{FAE04EC0-301F-11D3-BF4B-00C04F79EFBC}") = "05. CalculateFactorialFormula2", "05. CalculateFactorialFormula2\05. CalculateFactorialFormula2.csproj", "{DCD88F87-C3EB-4D80-8031-340BB0C7BB23}"
EndProject
Project("{FAE04EC0-301F-11D3-BF4B-00C04F79EFBC}") = "06. CalculateSquareAndFactorielFromula3", "06. CalculateSquareAndFactorielFromula3\06. CalculateSquareAndFactorielFromula3.csproj", "{9B977F3D-0EEE-4F72-BFBA-2BD1410903E7}"
EndProject
Project("{FAE04EC0-301F-11D3-BF4B-00C04F79EFBC}") = "07. FibonacciSequence", "07. FibonacciSequence\07. FibonacciSequence.csproj", "{5CE6D8FF-11EA-4134-8995-16DEA8902C8A}"
EndProject
Project("{FAE04EC0-301F-11D3-BF4B-00C04F79EFBC}") = "11. AllCardsFromDeck", "11. AllCardsFromDeck\11. AllCardsFromDeck.csproj", "{A9CB529D-871A-4BCA-8F10-55285B9D384F}"
EndProject
Project("{FAE04EC0-301F-11D3-BF4B-00C04F79EFBC}") = "08. GCD", "07. GCD\08. GCD.csproj", "{FBFD64B5-9345-4E38-8512-4391D0B1DC79}"
EndProject
Project("{FAE04EC0-301F-11D3-BF4B-00C04F79EFBC}") = "09.  CatalanNumbers", "09.  CatalanNumbers\09.  CatalanNumbers.csproj", "{E5C1B7E0-01FC-4102-9D3F-48DD701FA2AC}"
EndProject
Project("{FAE04EC0-301F-11D3-BF4B-00C04F79EFBC}") = "10. CatalanAgain", "10. CatalanAgain\10. CatalanAgain.csproj", "{017DA38F-7D0D-4FFC-B458-67A0D3E74BDA}"
EndProject
Project("{FAE04EC0-301F-11D3-BF4B-00C04F79EFBC}") = "12. BasicMatrix", "12. BasicMatrix\12. BasicMatrix.csproj", "{DD4FE97E-381F-48BB-8346-927F35B31D26}"
EndProject
Project("{FAE04EC0-301F-11D3-BF4B-00C04F79EFBC}") = "13. TrailingZerosInFactoriel", "13. TrailingZerosInFactoriel\13. TrailingZerosInFactoriel.csproj", "{645A8B85-1708-4EA9-8A5B-00BEB452F96B}"
EndProject
Project("{FAE04EC0-301F-11D3-BF4B-00C04F79EFBC}") = "14. SpiralMatrix", "14. SpiralMatrix\14. SpiralMatrix.csproj", "{6D5A63BB-DCBF-475A-8EF5-68CF1B678800}"
EndProject
Global
	GlobalSection(SolutionConfigurationPlatforms) = preSolution
		Debug|Any CPU = Debug|Any CPU
		Release|Any CPU = Release|Any CPU
	EndGlobalSection
	GlobalSection(ProjectConfigurationPlatforms) = postSolution
		{59116AB4-E878-4FC5-84EF-88EBD58FCE68}.Debug|Any CPU.ActiveCfg = Debug|Any CPU
		{59116AB4-E878-4FC5-84EF-88EBD58FCE68}.Debug|Any CPU.Build.0 = Debug|Any CPU
		{59116AB4-E878-4FC5-84EF-88EBD58FCE68}.Release|Any CPU.ActiveCfg = Release|Any CPU
		{59116AB4-E878-4FC5-84EF-88EBD58FCE68}.Release|Any CPU.Build.0 = Release|Any CPU
		{D07F5DB3-80C1-41F5-ABAA-38E5D5FB2C8D}.Debug|Any CPU.ActiveCfg = Debug|Any CPU
		{D07F5DB3-80C1-41F5-ABAA-38E5D5FB2C8D}.Debug|Any CPU.Build.0 = Debug|Any CPU
		{D07F5DB3-80C1-41F5-ABAA-38E5D5FB2C8D}.Release|Any CPU.ActiveCfg = Release|Any CPU
		{D07F5DB3-80C1-41F5-ABAA-38E5D5FB2C8D}.Release|Any CPU.Build.0 = Release|Any CPU
		{EB280DD7-36AD-4FC0-A8FF-42C4DAFB8384}.Debug|Any CPU.ActiveCfg = Debug|Any CPU
		{EB280DD7-36AD-4FC0-A8FF-42C4DAFB8384}.Debug|Any CPU.Build.0 = Debug|Any CPU
		{EB280DD7-36AD-4FC0-A8FF-42C4DAFB8384}.Release|Any CPU.ActiveCfg = Release|Any CPU
		{EB280DD7-36AD-4FC0-A8FF-42C4DAFB8384}.Release|Any CPU.Build.0 = Release|Any CPU
		{AE88E71C-2743-4F9C-A06E-CA1AEAB8B09C}.Debug|Any CPU.ActiveCfg = Debug|Any CPU
		{AE88E71C-2743-4F9C-A06E-CA1AEAB8B09C}.Debug|Any CPU.Build.0 = Debug|Any CPU
		{AE88E71C-2743-4F9C-A06E-CA1AEAB8B09C}.Release|Any CPU.ActiveCfg = Release|Any CPU
		{AE88E71C-2743-4F9C-A06E-CA1AEAB8B09C}.Release|Any CPU.Build.0 = Release|Any CPU
		{DCD88F87-C3EB-4D80-8031-340BB0C7BB23}.Debug|Any CPU.ActiveCfg = Debug|Any CPU
		{DCD88F87-C3EB-4D80-8031-340BB0C7BB23}.Debug|Any CPU.Build.0 = Debug|Any CPU
		{DCD88F87-C3EB-4D80-8031-340BB0C7BB23}.Release|Any CPU.ActiveCfg = Release|Any CPU
		{DCD88F87-C3EB-4D80-8031-340BB0C7BB23}.Release|Any CPU.Build.0 = Release|Any CPU
		{9B977F3D-0EEE-4F72-BFBA-2BD1410903E7}.Debug|Any CPU.ActiveCfg = Debug|Any CPU
		{9B977F3D-0EEE-4F72-BFBA-2BD1410903E7}.Debug|Any CPU.Build.0 = Debug|Any CPU
		{9B977F3D-0EEE-4F72-BFBA-2BD1410903E7}.Release|Any CPU.ActiveCfg = Release|Any CPU
		{9B977F3D-0EEE-4F72-BFBA-2BD1410903E7}.Release|Any CPU.Build.0 = Release|Any CPU
		{5CE6D8FF-11EA-4134-8995-16DEA8902C8A}.Debug|Any CPU.ActiveCfg = Debug|Any CPU
		{5CE6D8FF-11EA-4134-8995-16DEA8902C8A}.Debug|Any CPU.Build.0 = Debug|Any CPU
		{5CE6D8FF-11EA-4134-8995-16DEA8902C8A}.Release|Any CPU.ActiveCfg = Release|Any CPU
		{5CE6D8FF-11EA-4134-8995-16DEA8902C8A}.Release|Any CPU.Build.0 = Release|Any CPU
		{A9CB529D-871A-4BCA-8F10-55285B9D384F}.Debug|Any CPU.ActiveCfg = Debug|Any CPU
		{A9CB529D-871A-4BCA-8F10-55285B9D384F}.Debug|Any CPU.Build.0 = Debug|Any CPU
		{A9CB529D-871A-4BCA-8F10-55285B9D384F}.Release|Any CPU.ActiveCfg = Release|Any CPU
		{A9CB529D-871A-4BCA-8F10-55285B9D384F}.Release|Any CPU.Build.0 = Release|Any CPU
		{FBFD64B5-9345-4E38-8512-4391D0B1DC79}.Debug|Any CPU.ActiveCfg = Debug|Any CPU
		{FBFD64B5-9345-4E38-8512-4391D0B1DC79}.Debug|Any CPU.Build.0 = Debug|Any CPU
		{FBFD64B5-9345-4E38-8512-4391D0B1DC79}.Release|Any CPU.ActiveCfg = Release|Any CPU
		{FBFD64B5-9345-4E38-8512-4391D0B1DC79}.Release|Any CPU.Build.0 = Release|Any CPU
		{E5C1B7E0-01FC-4102-9D3F-48DD701FA2AC}.Debug|Any CPU.ActiveCfg = Debug|Any CPU
		{E5C1B7E0-01FC-4102-9D3F-48DD701FA2AC}.Debug|Any CPU.Build.0 = Debug|Any CPU
		{E5C1B7E0-01FC-4102-9D3F-48DD701FA2AC}.Release|Any CPU.ActiveCfg = Release|Any CPU
		{E5C1B7E0-01FC-4102-9D3F-48DD701FA2AC}.Release|Any CPU.Build.0 = Release|Any CPU
		{017DA38F-7D0D-4FFC-B458-67A0D3E74BDA}.Debug|Any CPU.ActiveCfg = Debug|Any CPU
		{017DA38F-7D0D-4FFC-B458-67A0D3E74BDA}.Debug|Any CPU.Build.0 = Debug|Any CPU
		{017DA38F-7D0D-4FFC-B458-67A0D3E74BDA}.Release|Any CPU.ActiveCfg = Release|Any CPU
		{017DA38F-7D0D-4FFC-B458-67A0D3E74BDA}.Release|Any CPU.Build.0 = Release|Any CPU
		{DD4FE97E-381F-48BB-8346-927F35B31D26}.Debug|Any CPU.ActiveCfg = Debug|Any CPU
		{DD4FE97E-381F-48BB-8346-927F35B31D26}.Debug|Any CPU.Build.0 = Debug|Any CPU
		{DD4FE97E-381F-48BB-8346-927F35B31D26}.Release|Any CPU.ActiveCfg = Release|Any CPU
		{DD4FE97E-381F-48BB-8346-927F35B31D26}.Release|Any CPU.Build.0 = Release|Any CPU
		{645A8B85-1708-4EA9-8A5B-00BEB452F96B}.Debug|Any CPU.ActiveCfg = Debug|Any CPU
		{645A8B85-1708-4EA9-8A5B-00BEB452F96B}.Debug|Any CPU.Build.0 = Debug|Any CPU
		{645A8B85-1708-4EA9-8A5B-00BEB452F96B}.Release|Any CPU.ActiveCfg = Release|Any CPU
		{645A8B85-1708-4EA9-8A5B-00BEB452F96B}.Release|Any CPU.Build.0 = Release|Any CPU
		{6D5A63BB-DCBF-475A-8EF5-68CF1B678800}.Debug|Any CPU.ActiveCfg = Debug|Any CPU
		{6D5A63BB-DCBF-475A-8EF5-68CF1B678800}.Debug|Any CPU.Build.0 = Debug|Any CPU
		{6D5A63BB-DCBF-475A-8EF5-68CF1B678800}.Release|Any CPU.ActiveCfg = Release|Any CPU
		{6D5A63BB-DCBF-475A-8EF5-68CF1B678800}.Release|Any CPU.Build.0 = Release|Any CPU
	EndGlobalSection
	GlobalSection(SolutionProperties) = preSolution
		HideSolutionNode = FALSE
	EndGlobalSection
EndGlobal
