
Microsoft Visual Studio Solution File, Format Version 12.00
# Visual Studio 2012
Project("{FAE04EC0-301F-11D3-BF4B-00C04F79EFBC}") = "02. MethodsPerformance", "DifferentPerformanceWithVariables\02. MethodsPerformance.csproj", "{9FDBB1DC-1038-4821-A121-E9B25DCB9BB1}"
EndProject
Project("{FAE04EC0-301F-11D3-BF4B-00C04F79EFBC}") = "03. MethodsPerformance", "MethodsPerformance\03. MethodsPerformance.csproj", "{E98E33AC-601D-4F84-990F-ACDE4F6B738D}"
EndProject
Global
	GlobalSection(SolutionConfigurationPlatforms) = preSolution
		Debug|Any CPU = Debug|Any CPU
		Release|Any CPU = Release|Any CPU
	EndGlobalSection
	GlobalSection(ProjectConfigurationPlatforms) = postSolution
		{9FDBB1DC-1038-4821-A121-E9B25DCB9BB1}.Debug|Any CPU.ActiveCfg = Debug|Any CPU
		{9FDBB1DC-1038-4821-A121-E9B25DCB9BB1}.Debug|Any CPU.Build.0 = Debug|Any CPU
		{9FDBB1DC-1038-4821-A121-E9B25DCB9BB1}.Release|Any CPU.ActiveCfg = Release|Any CPU
		{9FDBB1DC-1038-4821-A121-E9B25DCB9BB1}.Release|Any CPU.Build.0 = Release|Any CPU
		{E98E33AC-601D-4F84-990F-ACDE4F6B738D}.Debug|Any CPU.ActiveCfg = Debug|Any CPU
		{E98E33AC-601D-4F84-990F-ACDE4F6B738D}.Debug|Any CPU.Build.0 = Debug|Any CPU
		{E98E33AC-601D-4F84-990F-ACDE4F6B738D}.Release|Any CPU.ActiveCfg = Release|Any CPU
		{E98E33AC-601D-4F84-990F-ACDE4F6B738D}.Release|Any CPU.Build.0 = Release|Any CPU
	EndGlobalSection
	GlobalSection(SolutionProperties) = preSolution
		HideSolutionNode = FALSE
	EndGlobalSection
EndGlobal
