
Microsoft Visual Studio Solution File, Format Version 12.00
# Visual Studio 2012
Project("{FAE04EC0-301F-11D3-BF4B-00C04F79EFBC}") = "Dota2UnlockChestSystem", "Dota2UnlockChestSystem\Dota2UnlockChestSystem.csproj", "{7C949822-D482-44F3-9B5D-6288922A1582}"
EndProject
Global
	GlobalSection(SolutionConfigurationPlatforms) = preSolution
		Debug|Any CPU = Debug|Any CPU
		Release|Any CPU = Release|Any CPU
	EndGlobalSection
	GlobalSection(ProjectConfigurationPlatforms) = postSolution
		{7C949822-D482-44F3-9B5D-6288922A1582}.Debug|Any CPU.ActiveCfg = Debug|Any CPU
		{7C949822-D482-44F3-9B5D-6288922A1582}.Debug|Any CPU.Build.0 = Debug|Any CPU
		{7C949822-D482-44F3-9B5D-6288922A1582}.Release|Any CPU.ActiveCfg = Release|Any CPU
		{7C949822-D482-44F3-9B5D-6288922A1582}.Release|Any CPU.Build.0 = Release|Any CPU
	EndGlobalSection
	GlobalSection(SolutionProperties) = preSolution
		HideSolutionNode = FALSE
	EndGlobalSection
EndGlobal
