
Microsoft Visual Studio Solution File, Format Version 12.00
# Visual Studio 2012
Project("{FAE04EC0-301F-11D3-BF4B-00C04F79EFBC}") = "RefactorExpressionsSize", "RefactorTheCode\RefactorExpressionsSize.csproj", "{33BCEAD7-7312-4CBA-AE15-92E536707D49}"
EndProject
Project("{FAE04EC0-301F-11D3-BF4B-00C04F79EFBC}") = "VariableUsage", "RefactorTheCode2\VariableUsage.csproj", "{0CB6297C-8D2A-4BF1-B191-73108CE0AB22}"
EndProject
Global
	GlobalSection(SolutionConfigurationPlatforms) = preSolution
		Debug|Any CPU = Debug|Any CPU
		Release|Any CPU = Release|Any CPU
	EndGlobalSection
	GlobalSection(ProjectConfigurationPlatforms) = postSolution
		{33BCEAD7-7312-4CBA-AE15-92E536707D49}.Debug|Any CPU.ActiveCfg = Debug|Any CPU
		{33BCEAD7-7312-4CBA-AE15-92E536707D49}.Debug|Any CPU.Build.0 = Debug|Any CPU
		{33BCEAD7-7312-4CBA-AE15-92E536707D49}.Release|Any CPU.ActiveCfg = Release|Any CPU
		{33BCEAD7-7312-4CBA-AE15-92E536707D49}.Release|Any CPU.Build.0 = Release|Any CPU
		{0CB6297C-8D2A-4BF1-B191-73108CE0AB22}.Debug|Any CPU.ActiveCfg = Debug|Any CPU
		{0CB6297C-8D2A-4BF1-B191-73108CE0AB22}.Debug|Any CPU.Build.0 = Debug|Any CPU
		{0CB6297C-8D2A-4BF1-B191-73108CE0AB22}.Release|Any CPU.ActiveCfg = Release|Any CPU
		{0CB6297C-8D2A-4BF1-B191-73108CE0AB22}.Release|Any CPU.Build.0 = Release|Any CPU
	EndGlobalSection
	GlobalSection(SolutionProperties) = preSolution
		HideSolutionNode = FALSE
	EndGlobalSection
EndGlobal
