
Microsoft Visual Studio Solution File, Format Version 12.00
# Visual Studio 2012
Project("{FAE04EC0-301F-11D3-BF4B-00C04F79EFBC}") = "01. KaspichanNumbers", "01. KaspichanNumbers\01. KaspichanNumbers.csproj", "{F521EF1E-70C0-44D1-87BA-14727D5E774E}"
EndProject
Project("{FAE04EC0-301F-11D3-BF4B-00C04F79EFBC}") = "02. GreedyDwarf", "02. GreedyDwarf\02. GreedyDwarf.csproj", "{70261F45-94C5-4BB5-83B2-E1A3086F868D}"
EndProject
Project("{FAE04EC0-301F-11D3-BF4B-00C04F79EFBC}") = "03. DurankulakNumbers", "03. DurankulakNumbers\03. DurankulakNumbers.csproj", "{921F36C4-728C-40CC-A98C-F1604AA4B6D0}"
EndProject
Project("{FAE04EC0-301F-11D3-BF4B-00C04F79EFBC}") = "04. TwoIsBetterThanOne", "04. TwoIsBetterThanOne\04. TwoIsBetterThanOne.csproj", "{E492A7F0-AC2E-423D-9E8D-9F935D0CC1D0}"
EndProject
Project("{FAE04EC0-301F-11D3-BF4B-00C04F79EFBC}") = "05. ConsoleJustification", "05. ConsoleJustification\05. ConsoleJustification.csproj", "{A5013222-66A5-4017-9851-96D6191DBC40}"
EndProject
Project("{FAE04EC0-301F-11D3-BF4B-00C04F79EFBC}") = "06. JoroTheRabbit", "06. JoroTheRabbit\06. JoroTheRabbit.csproj", "{4AB4B638-A9DC-4BD2-8719-F962E730694F}"
EndProject
Project("{FAE04EC0-301F-11D3-BF4B-00C04F79EFBC}") = "07. ThreeInOne", "07. ThreeInOne\07. ThreeInOne.csproj", "{048E3419-C497-45B1-B8E8-CC66F811C693}"
EndProject
Project("{FAE04EC0-301F-11D3-BF4B-00C04F79EFBC}") = "08. 9GagNumbers", "08. 9GagNumbers\08. 9GagNumbers.csproj", "{B6985D83-42A5-477D-AC9A-772351B02AE5}"
EndProject
Project("{FAE04EC0-301F-11D3-BF4B-00C04F79EFBC}") = "09. SpecialValue", "09. SpecialValue\09. SpecialValue.csproj", "{0829B0B7-9673-4C04-B506-B543827107B8}"
EndProject
Project("{FAE04EC0-301F-11D3-BF4B-00C04F79EFBC}") = "10. Brackets", "10. Brackets\10. Brackets.csproj", "{3F348088-6F4E-4A2A-86CC-361AEB7AA581}"
EndProject
Project("{FAE04EC0-301F-11D3-BF4B-00C04F79EFBC}") = "11. KukataIsDancing", "11. KukataIsDancing\11. KukataIsDancing.csproj", "{1490E572-37FE-4932-A37A-02F2F60581ED}"
EndProject
Project("{FAE04EC0-301F-11D3-BF4B-00C04F79EFBC}") = "12. Indices", "12. Indices\12. Indices.csproj", "{A59E2776-9D21-45FB-A00A-CC84BBC6CC1F}"
EndProject
Project("{FAE04EC0-301F-11D3-BF4B-00C04F79EFBC}") = "13. 3DStars", "13. 3DStars\13. 3DStars.csproj", "{58B0ED5D-F12D-4A2A-AFFA-BA5E2995D8B1}"
EndProject
Project("{FAE04EC0-301F-11D3-BF4B-00C04F79EFBC}") = "14. Tubes", "14. Tubes\14. Tubes.csproj", "{01A80321-0C6A-45E4-B5E3-AB89E5076BBE}"
EndProject
Project("{FAE04EC0-301F-11D3-BF4B-00C04F79EFBC}") = "15. BombingCuboids", "15. BombingCuboids\15. BombingCuboids.csproj", "{4AE05D2F-5DDC-412C-A58E-7D2D17CDFF11}"
EndProject
Project("{FAE04EC0-301F-11D3-BF4B-00C04F79EFBC}") = "16. Slices3D", "16. Slices3D\16. Slices3D.csproj", "{C55CC04C-8A62-437D-A1F6-1DFD516C72EC}"
EndProject
Project("{FAE04EC0-301F-11D3-BF4B-00C04F79EFBC}") = "17. MessageInABottle", "17. MessageInABottle\17. MessageInABottle.csproj", "{78F75CD5-AB08-485D-8E16-3E5EA6EDCAD8}"
EndProject
Project("{FAE04EC0-301F-11D3-BF4B-00C04F79EFBC}") = "18. BasicLanguage", "18. BasicLanguage\18. BasicLanguage.csproj", "{1D9342BE-0F1B-4FE4-82E1-EA596903C994}"
EndProject
Project("{FAE04EC0-301F-11D3-BF4B-00C04F79EFBC}") = "19. MaxWalk3D", "19. MaxWalk3D\19. MaxWalk3D.csproj", "{3F59A18C-BC5D-4817-82D4-31BB3C7641B8}"
EndProject
Project("{FAE04EC0-301F-11D3-BF4B-00C04F79EFBC}") = "20. Lines3D", "20. Lines3D\20. Lines3D.csproj", "{75D8672B-0457-4B01-922D-F2D35BF0E1E4}"
EndProject
Project("{FAE04EC0-301F-11D3-BF4B-00C04F79EFBC}") = "21. Employees", "21. Employees\21. Employees.csproj", "{970608F3-0644-449D-926C-2C242C923DCF}"
EndProject
Project("{FAE04EC0-301F-11D3-BF4B-00C04F79EFBC}") = "22. TicTacToe", "22. TicTacToe\22. TicTacToe.csproj", "{91499D61-2780-4190-BABC-0CCDF32C9158}"
EndProject
Project("{FAE04EC0-301F-11D3-BF4B-00C04F79EFBC}") = "23. GenomeDecoder", "23. GenomeDecoder\23. GenomeDecoder.csproj", "{311CDAF5-686B-41D7-AF25-D3C3DA857E6F}"
EndProject
Project("{FAE04EC0-301F-11D3-BF4B-00C04F79EFBC}") = "24. PHPVariables", "24. PHPVariables\24. PHPVariables.csproj", "{AFF97C8D-AD4E-4710-86C9-5FF8AD2D860E}"
EndProject
Project("{FAE04EC0-301F-11D3-BF4B-00C04F79EFBC}") = "25. Slides", "25. Slides\25. Slides.csproj", "{DAF222C5-818D-4C78-B4E9-C346C521B356}"
EndProject
Project("{FAE04EC0-301F-11D3-BF4B-00C04F79EFBC}") = "26. Laser", "26. Laser\26. Laser.csproj", "{3F3BC544-EC5A-4446-BC8E-DB6EA78D7D07}"
EndProject
Project("{FAE04EC0-301F-11D3-BF4B-00C04F79EFBC}") = "27. Cooking", "27. Cooking\27. Cooking.csproj", "{E3859C41-6980-4633-A8F0-5A8F64D8A9D5}"
EndProject
Project("{FAE04EC0-301F-11D3-BF4B-00C04F79EFBC}") = "28. BasicBasic", "28. BasicBasic\28. BasicBasic.csproj", "{74870737-5E88-41FA-8B49-ED2E9E9961CB}"
EndProject
Global
	GlobalSection(SolutionConfigurationPlatforms) = preSolution
		Debug|Any CPU = Debug|Any CPU
		Release|Any CPU = Release|Any CPU
	EndGlobalSection
	GlobalSection(ProjectConfigurationPlatforms) = postSolution
		{F521EF1E-70C0-44D1-87BA-14727D5E774E}.Debug|Any CPU.ActiveCfg = Debug|Any CPU
		{F521EF1E-70C0-44D1-87BA-14727D5E774E}.Debug|Any CPU.Build.0 = Debug|Any CPU
		{F521EF1E-70C0-44D1-87BA-14727D5E774E}.Release|Any CPU.ActiveCfg = Release|Any CPU
		{F521EF1E-70C0-44D1-87BA-14727D5E774E}.Release|Any CPU.Build.0 = Release|Any CPU
		{70261F45-94C5-4BB5-83B2-E1A3086F868D}.Debug|Any CPU.ActiveCfg = Debug|Any CPU
		{70261F45-94C5-4BB5-83B2-E1A3086F868D}.Debug|Any CPU.Build.0 = Debug|Any CPU
		{70261F45-94C5-4BB5-83B2-E1A3086F868D}.Release|Any CPU.ActiveCfg = Release|Any CPU
		{70261F45-94C5-4BB5-83B2-E1A3086F868D}.Release|Any CPU.Build.0 = Release|Any CPU
		{921F36C4-728C-40CC-A98C-F1604AA4B6D0}.Debug|Any CPU.ActiveCfg = Debug|Any CPU
		{921F36C4-728C-40CC-A98C-F1604AA4B6D0}.Debug|Any CPU.Build.0 = Debug|Any CPU
		{921F36C4-728C-40CC-A98C-F1604AA4B6D0}.Release|Any CPU.ActiveCfg = Release|Any CPU
		{921F36C4-728C-40CC-A98C-F1604AA4B6D0}.Release|Any CPU.Build.0 = Release|Any CPU
		{E492A7F0-AC2E-423D-9E8D-9F935D0CC1D0}.Debug|Any CPU.ActiveCfg = Debug|Any CPU
		{E492A7F0-AC2E-423D-9E8D-9F935D0CC1D0}.Debug|Any CPU.Build.0 = Debug|Any CPU
		{E492A7F0-AC2E-423D-9E8D-9F935D0CC1D0}.Release|Any CPU.ActiveCfg = Release|Any CPU
		{E492A7F0-AC2E-423D-9E8D-9F935D0CC1D0}.Release|Any CPU.Build.0 = Release|Any CPU
		{A5013222-66A5-4017-9851-96D6191DBC40}.Debug|Any CPU.ActiveCfg = Debug|Any CPU
		{A5013222-66A5-4017-9851-96D6191DBC40}.Debug|Any CPU.Build.0 = Debug|Any CPU
		{A5013222-66A5-4017-9851-96D6191DBC40}.Release|Any CPU.ActiveCfg = Release|Any CPU
		{A5013222-66A5-4017-9851-96D6191DBC40}.Release|Any CPU.Build.0 = Release|Any CPU
		{4AB4B638-A9DC-4BD2-8719-F962E730694F}.Debug|Any CPU.ActiveCfg = Debug|Any CPU
		{4AB4B638-A9DC-4BD2-8719-F962E730694F}.Debug|Any CPU.Build.0 = Debug|Any CPU
		{4AB4B638-A9DC-4BD2-8719-F962E730694F}.Release|Any CPU.ActiveCfg = Release|Any CPU
		{4AB4B638-A9DC-4BD2-8719-F962E730694F}.Release|Any CPU.Build.0 = Release|Any CPU
		{048E3419-C497-45B1-B8E8-CC66F811C693}.Debug|Any CPU.ActiveCfg = Debug|Any CPU
		{048E3419-C497-45B1-B8E8-CC66F811C693}.Debug|Any CPU.Build.0 = Debug|Any CPU
		{048E3419-C497-45B1-B8E8-CC66F811C693}.Release|Any CPU.ActiveCfg = Release|Any CPU
		{048E3419-C497-45B1-B8E8-CC66F811C693}.Release|Any CPU.Build.0 = Release|Any CPU
		{B6985D83-42A5-477D-AC9A-772351B02AE5}.Debug|Any CPU.ActiveCfg = Debug|Any CPU
		{B6985D83-42A5-477D-AC9A-772351B02AE5}.Debug|Any CPU.Build.0 = Debug|Any CPU
		{B6985D83-42A5-477D-AC9A-772351B02AE5}.Release|Any CPU.ActiveCfg = Release|Any CPU
		{B6985D83-42A5-477D-AC9A-772351B02AE5}.Release|Any CPU.Build.0 = Release|Any CPU
		{0829B0B7-9673-4C04-B506-B543827107B8}.Debug|Any CPU.ActiveCfg = Debug|Any CPU
		{0829B0B7-9673-4C04-B506-B543827107B8}.Debug|Any CPU.Build.0 = Debug|Any CPU
		{0829B0B7-9673-4C04-B506-B543827107B8}.Release|Any CPU.ActiveCfg = Release|Any CPU
		{0829B0B7-9673-4C04-B506-B543827107B8}.Release|Any CPU.Build.0 = Release|Any CPU
		{3F348088-6F4E-4A2A-86CC-361AEB7AA581}.Debug|Any CPU.ActiveCfg = Debug|Any CPU
		{3F348088-6F4E-4A2A-86CC-361AEB7AA581}.Debug|Any CPU.Build.0 = Debug|Any CPU
		{3F348088-6F4E-4A2A-86CC-361AEB7AA581}.Release|Any CPU.ActiveCfg = Release|Any CPU
		{3F348088-6F4E-4A2A-86CC-361AEB7AA581}.Release|Any CPU.Build.0 = Release|Any CPU
		{1490E572-37FE-4932-A37A-02F2F60581ED}.Debug|Any CPU.ActiveCfg = Debug|Any CPU
		{1490E572-37FE-4932-A37A-02F2F60581ED}.Debug|Any CPU.Build.0 = Debug|Any CPU
		{1490E572-37FE-4932-A37A-02F2F60581ED}.Release|Any CPU.ActiveCfg = Release|Any CPU
		{1490E572-37FE-4932-A37A-02F2F60581ED}.Release|Any CPU.Build.0 = Release|Any CPU
		{A59E2776-9D21-45FB-A00A-CC84BBC6CC1F}.Debug|Any CPU.ActiveCfg = Debug|Any CPU
		{A59E2776-9D21-45FB-A00A-CC84BBC6CC1F}.Debug|Any CPU.Build.0 = Debug|Any CPU
		{A59E2776-9D21-45FB-A00A-CC84BBC6CC1F}.Release|Any CPU.ActiveCfg = Release|Any CPU
		{A59E2776-9D21-45FB-A00A-CC84BBC6CC1F}.Release|Any CPU.Build.0 = Release|Any CPU
		{58B0ED5D-F12D-4A2A-AFFA-BA5E2995D8B1}.Debug|Any CPU.ActiveCfg = Debug|Any CPU
		{58B0ED5D-F12D-4A2A-AFFA-BA5E2995D8B1}.Debug|Any CPU.Build.0 = Debug|Any CPU
		{58B0ED5D-F12D-4A2A-AFFA-BA5E2995D8B1}.Release|Any CPU.ActiveCfg = Release|Any CPU
		{58B0ED5D-F12D-4A2A-AFFA-BA5E2995D8B1}.Release|Any CPU.Build.0 = Release|Any CPU
		{01A80321-0C6A-45E4-B5E3-AB89E5076BBE}.Debug|Any CPU.ActiveCfg = Debug|Any CPU
		{01A80321-0C6A-45E4-B5E3-AB89E5076BBE}.Debug|Any CPU.Build.0 = Debug|Any CPU
		{01A80321-0C6A-45E4-B5E3-AB89E5076BBE}.Release|Any CPU.ActiveCfg = Release|Any CPU
		{01A80321-0C6A-45E4-B5E3-AB89E5076BBE}.Release|Any CPU.Build.0 = Release|Any CPU
		{4AE05D2F-5DDC-412C-A58E-7D2D17CDFF11}.Debug|Any CPU.ActiveCfg = Debug|Any CPU
		{4AE05D2F-5DDC-412C-A58E-7D2D17CDFF11}.Debug|Any CPU.Build.0 = Debug|Any CPU
		{4AE05D2F-5DDC-412C-A58E-7D2D17CDFF11}.Release|Any CPU.ActiveCfg = Release|Any CPU
		{4AE05D2F-5DDC-412C-A58E-7D2D17CDFF11}.Release|Any CPU.Build.0 = Release|Any CPU
		{C55CC04C-8A62-437D-A1F6-1DFD516C72EC}.Debug|Any CPU.ActiveCfg = Debug|Any CPU
		{C55CC04C-8A62-437D-A1F6-1DFD516C72EC}.Debug|Any CPU.Build.0 = Debug|Any CPU
		{C55CC04C-8A62-437D-A1F6-1DFD516C72EC}.Release|Any CPU.ActiveCfg = Release|Any CPU
		{C55CC04C-8A62-437D-A1F6-1DFD516C72EC}.Release|Any CPU.Build.0 = Release|Any CPU
		{78F75CD5-AB08-485D-8E16-3E5EA6EDCAD8}.Debug|Any CPU.ActiveCfg = Debug|Any CPU
		{78F75CD5-AB08-485D-8E16-3E5EA6EDCAD8}.Debug|Any CPU.Build.0 = Debug|Any CPU
		{78F75CD5-AB08-485D-8E16-3E5EA6EDCAD8}.Release|Any CPU.ActiveCfg = Release|Any CPU
		{78F75CD5-AB08-485D-8E16-3E5EA6EDCAD8}.Release|Any CPU.Build.0 = Release|Any CPU
		{1D9342BE-0F1B-4FE4-82E1-EA596903C994}.Debug|Any CPU.ActiveCfg = Debug|Any CPU
		{1D9342BE-0F1B-4FE4-82E1-EA596903C994}.Debug|Any CPU.Build.0 = Debug|Any CPU
		{1D9342BE-0F1B-4FE4-82E1-EA596903C994}.Release|Any CPU.ActiveCfg = Release|Any CPU
		{1D9342BE-0F1B-4FE4-82E1-EA596903C994}.Release|Any CPU.Build.0 = Release|Any CPU
		{3F59A18C-BC5D-4817-82D4-31BB3C7641B8}.Debug|Any CPU.ActiveCfg = Debug|Any CPU
		{3F59A18C-BC5D-4817-82D4-31BB3C7641B8}.Debug|Any CPU.Build.0 = Debug|Any CPU
		{3F59A18C-BC5D-4817-82D4-31BB3C7641B8}.Release|Any CPU.ActiveCfg = Release|Any CPU
		{3F59A18C-BC5D-4817-82D4-31BB3C7641B8}.Release|Any CPU.Build.0 = Release|Any CPU
		{75D8672B-0457-4B01-922D-F2D35BF0E1E4}.Debug|Any CPU.ActiveCfg = Debug|Any CPU
		{75D8672B-0457-4B01-922D-F2D35BF0E1E4}.Debug|Any CPU.Build.0 = Debug|Any CPU
		{75D8672B-0457-4B01-922D-F2D35BF0E1E4}.Release|Any CPU.ActiveCfg = Release|Any CPU
		{75D8672B-0457-4B01-922D-F2D35BF0E1E4}.Release|Any CPU.Build.0 = Release|Any CPU
		{970608F3-0644-449D-926C-2C242C923DCF}.Debug|Any CPU.ActiveCfg = Debug|Any CPU
		{970608F3-0644-449D-926C-2C242C923DCF}.Debug|Any CPU.Build.0 = Debug|Any CPU
		{970608F3-0644-449D-926C-2C242C923DCF}.Release|Any CPU.ActiveCfg = Release|Any CPU
		{970608F3-0644-449D-926C-2C242C923DCF}.Release|Any CPU.Build.0 = Release|Any CPU
		{91499D61-2780-4190-BABC-0CCDF32C9158}.Debug|Any CPU.ActiveCfg = Debug|Any CPU
		{91499D61-2780-4190-BABC-0CCDF32C9158}.Debug|Any CPU.Build.0 = Debug|Any CPU
		{91499D61-2780-4190-BABC-0CCDF32C9158}.Release|Any CPU.ActiveCfg = Release|Any CPU
		{91499D61-2780-4190-BABC-0CCDF32C9158}.Release|Any CPU.Build.0 = Release|Any CPU
		{311CDAF5-686B-41D7-AF25-D3C3DA857E6F}.Debug|Any CPU.ActiveCfg = Debug|Any CPU
		{311CDAF5-686B-41D7-AF25-D3C3DA857E6F}.Debug|Any CPU.Build.0 = Debug|Any CPU
		{311CDAF5-686B-41D7-AF25-D3C3DA857E6F}.Release|Any CPU.ActiveCfg = Release|Any CPU
		{311CDAF5-686B-41D7-AF25-D3C3DA857E6F}.Release|Any CPU.Build.0 = Release|Any CPU
		{AFF97C8D-AD4E-4710-86C9-5FF8AD2D860E}.Debug|Any CPU.ActiveCfg = Debug|Any CPU
		{AFF97C8D-AD4E-4710-86C9-5FF8AD2D860E}.Debug|Any CPU.Build.0 = Debug|Any CPU
		{AFF97C8D-AD4E-4710-86C9-5FF8AD2D860E}.Release|Any CPU.ActiveCfg = Release|Any CPU
		{AFF97C8D-AD4E-4710-86C9-5FF8AD2D860E}.Release|Any CPU.Build.0 = Release|Any CPU
		{DAF222C5-818D-4C78-B4E9-C346C521B356}.Debug|Any CPU.ActiveCfg = Debug|Any CPU
		{DAF222C5-818D-4C78-B4E9-C346C521B356}.Debug|Any CPU.Build.0 = Debug|Any CPU
		{DAF222C5-818D-4C78-B4E9-C346C521B356}.Release|Any CPU.ActiveCfg = Release|Any CPU
		{DAF222C5-818D-4C78-B4E9-C346C521B356}.Release|Any CPU.Build.0 = Release|Any CPU
		{3F3BC544-EC5A-4446-BC8E-DB6EA78D7D07}.Debug|Any CPU.ActiveCfg = Debug|Any CPU
		{3F3BC544-EC5A-4446-BC8E-DB6EA78D7D07}.Debug|Any CPU.Build.0 = Debug|Any CPU
		{3F3BC544-EC5A-4446-BC8E-DB6EA78D7D07}.Release|Any CPU.ActiveCfg = Release|Any CPU
		{3F3BC544-EC5A-4446-BC8E-DB6EA78D7D07}.Release|Any CPU.Build.0 = Release|Any CPU
		{E3859C41-6980-4633-A8F0-5A8F64D8A9D5}.Debug|Any CPU.ActiveCfg = Debug|Any CPU
		{E3859C41-6980-4633-A8F0-5A8F64D8A9D5}.Debug|Any CPU.Build.0 = Debug|Any CPU
		{E3859C41-6980-4633-A8F0-5A8F64D8A9D5}.Release|Any CPU.ActiveCfg = Release|Any CPU
		{E3859C41-6980-4633-A8F0-5A8F64D8A9D5}.Release|Any CPU.Build.0 = Release|Any CPU
		{74870737-5E88-41FA-8B49-ED2E9E9961CB}.Debug|Any CPU.ActiveCfg = Debug|Any CPU
		{74870737-5E88-41FA-8B49-ED2E9E9961CB}.Debug|Any CPU.Build.0 = Debug|Any CPU
		{74870737-5E88-41FA-8B49-ED2E9E9961CB}.Release|Any CPU.ActiveCfg = Release|Any CPU
		{74870737-5E88-41FA-8B49-ED2E9E9961CB}.Release|Any CPU.Build.0 = Release|Any CPU
	EndGlobalSection
	GlobalSection(SolutionProperties) = preSolution
		HideSolutionNode = FALSE
	EndGlobalSection
EndGlobal
