
Microsoft Visual Studio Solution File, Format Version 12.00
# Visual Studio 2012
Project("{FAE04EC0-301F-11D3-BF4B-00C04F79EFBC}") = "01. ReversedText", "StringsAndText\01. ReversedText.csproj", "{03B81BAA-4061-4B0F-8124-26DEA4A7FD59}"
EndProject
Project("{FAE04EC0-301F-11D3-BF4B-00C04F79EFBC}") = "02. Brackets", "Brackets\02. Brackets.csproj", "{9414D4E1-DCA1-4605-A793-3E9CDEB6311C}"
EndProject
Project("{FAE04EC0-301F-11D3-BF4B-00C04F79EFBC}") = "03. SubsctringInStringCount", "SubsctringInStringCount\03. SubsctringInStringCount.csproj", "{6B6165E2-3AE6-4129-B066-CCC6C2439D48}"
EndProject
Project("{FAE04EC0-301F-11D3-BF4B-00C04F79EFBC}") = "04. UpperCaseSubstring", "UpperCaseSubstring\04. UpperCaseSubstring.csproj", "{DEFF9D23-2D4C-4CA4-B81A-D0A0CA2B9E4E}"
EndProject
Project("{FAE04EC0-301F-11D3-BF4B-00C04F79EFBC}") = "05. StringCapacity", "StringCapacity\05. StringCapacity.csproj", "{1D964B82-8EF8-4E32-9A24-8ED2CED2AC49}"
EndProject
Project("{FAE04EC0-301F-11D3-BF4B-00C04F79EFBC}") = "06. WordInString", "WordInString\06. WordInString.csproj", "{DAAAACF2-902B-4E9A-A0FF-286F519A0BB3}"
EndProject
Project("{FAE04EC0-301F-11D3-BF4B-00C04F79EFBC}") = "07. ReversedSentance", "ReversedSentance\07. ReversedSentance.csproj", "{7D97E8F2-1094-4123-BA9F-3E682102FD43}"
EndProject
Global
	GlobalSection(SolutionConfigurationPlatforms) = preSolution
		Debug|Any CPU = Debug|Any CPU
		Release|Any CPU = Release|Any CPU
	EndGlobalSection
	GlobalSection(ProjectConfigurationPlatforms) = postSolution
		{03B81BAA-4061-4B0F-8124-26DEA4A7FD59}.Debug|Any CPU.ActiveCfg = Debug|Any CPU
		{03B81BAA-4061-4B0F-8124-26DEA4A7FD59}.Debug|Any CPU.Build.0 = Debug|Any CPU
		{03B81BAA-4061-4B0F-8124-26DEA4A7FD59}.Release|Any CPU.ActiveCfg = Release|Any CPU
		{03B81BAA-4061-4B0F-8124-26DEA4A7FD59}.Release|Any CPU.Build.0 = Release|Any CPU
		{9414D4E1-DCA1-4605-A793-3E9CDEB6311C}.Debug|Any CPU.ActiveCfg = Debug|Any CPU
		{9414D4E1-DCA1-4605-A793-3E9CDEB6311C}.Debug|Any CPU.Build.0 = Debug|Any CPU
		{9414D4E1-DCA1-4605-A793-3E9CDEB6311C}.Release|Any CPU.ActiveCfg = Release|Any CPU
		{9414D4E1-DCA1-4605-A793-3E9CDEB6311C}.Release|Any CPU.Build.0 = Release|Any CPU
		{6B6165E2-3AE6-4129-B066-CCC6C2439D48}.Debug|Any CPU.ActiveCfg = Debug|Any CPU
		{6B6165E2-3AE6-4129-B066-CCC6C2439D48}.Debug|Any CPU.Build.0 = Debug|Any CPU
		{6B6165E2-3AE6-4129-B066-CCC6C2439D48}.Release|Any CPU.ActiveCfg = Release|Any CPU
		{6B6165E2-3AE6-4129-B066-CCC6C2439D48}.Release|Any CPU.Build.0 = Release|Any CPU
		{DEFF9D23-2D4C-4CA4-B81A-D0A0CA2B9E4E}.Debug|Any CPU.ActiveCfg = Debug|Any CPU
		{DEFF9D23-2D4C-4CA4-B81A-D0A0CA2B9E4E}.Debug|Any CPU.Build.0 = Debug|Any CPU
		{DEFF9D23-2D4C-4CA4-B81A-D0A0CA2B9E4E}.Release|Any CPU.ActiveCfg = Release|Any CPU
		{DEFF9D23-2D4C-4CA4-B81A-D0A0CA2B9E4E}.Release|Any CPU.Build.0 = Release|Any CPU
		{1D964B82-8EF8-4E32-9A24-8ED2CED2AC49}.Debug|Any CPU.ActiveCfg = Debug|Any CPU
		{1D964B82-8EF8-4E32-9A24-8ED2CED2AC49}.Debug|Any CPU.Build.0 = Debug|Any CPU
		{1D964B82-8EF8-4E32-9A24-8ED2CED2AC49}.Release|Any CPU.ActiveCfg = Release|Any CPU
		{1D964B82-8EF8-4E32-9A24-8ED2CED2AC49}.Release|Any CPU.Build.0 = Release|Any CPU
		{DAAAACF2-902B-4E9A-A0FF-286F519A0BB3}.Debug|Any CPU.ActiveCfg = Debug|Any CPU
		{DAAAACF2-902B-4E9A-A0FF-286F519A0BB3}.Debug|Any CPU.Build.0 = Debug|Any CPU
		{DAAAACF2-902B-4E9A-A0FF-286F519A0BB3}.Release|Any CPU.ActiveCfg = Release|Any CPU
		{DAAAACF2-902B-4E9A-A0FF-286F519A0BB3}.Release|Any CPU.Build.0 = Release|Any CPU
		{7D97E8F2-1094-4123-BA9F-3E682102FD43}.Debug|Any CPU.ActiveCfg = Debug|Any CPU
		{7D97E8F2-1094-4123-BA9F-3E682102FD43}.Debug|Any CPU.Build.0 = Debug|Any CPU
		{7D97E8F2-1094-4123-BA9F-3E682102FD43}.Release|Any CPU.ActiveCfg = Release|Any CPU
		{7D97E8F2-1094-4123-BA9F-3E682102FD43}.Release|Any CPU.Build.0 = Release|Any CPU
	EndGlobalSection
	GlobalSection(SolutionProperties) = preSolution
		HideSolutionNode = FALSE
	EndGlobalSection
EndGlobal
