
Microsoft Visual Studio Solution File, Format Version 12.00
# Visual Studio 2012
Project("{FAE04EC0-301F-11D3-BF4B-00C04F79EFBC}") = "01. PrimitiveDataTypesAndVariables", "PrimitiveDataTypesAndVariables\01. PrimitiveDataTypesAndVariables.csproj", "{816A2684-E02C-49F2-B604-B5E24F1864F7}"
EndProject
Project("{FAE04EC0-301F-11D3-BF4B-00C04F79EFBC}") = "03. CompareFlotingPoint", "CompareFlotingPoint\03. CompareFlotingPoint.csproj", "{E9A21B0B-5FFC-4F9D-950D-DF3813F1178A}"
EndProject
Project("{FAE04EC0-301F-11D3-BF4B-00C04F79EFBC}") = "04. IntInHexadecimalFormat", "IntInHexadecimalFormat\04. IntInHexadecimalFormat.csproj", "{4017ABE5-56B7-4998-A0C4-99796CAEA33C}"
EndProject
Project("{FAE04EC0-301F-11D3-BF4B-00C04F79EFBC}") = "05. UnicodeSybol", "UnicodeSybol\05. UnicodeSybol.csproj", "{02088110-214B-418A-A7FA-765507185F54}"
EndProject
Project("{FAE04EC0-301F-11D3-BF4B-00C04F79EFBC}") = "06. IsFemale", "MaleOrFemale\06. IsFemale.csproj", "{4E8102E1-B95B-40BD-A2A5-3417945B73E1}"
EndProject
Project("{FAE04EC0-301F-11D3-BF4B-00C04F79EFBC}") = "02. FloatAndDoubles", "FloatAndDoubles\02. FloatAndDoubles.csproj", "{6F093ADF-1770-44F9-AF0E-D99600B1BBF1}"
EndProject
Project("{FAE04EC0-301F-11D3-BF4B-00C04F79EFBC}") = "07. Variables", "Variables\07. Variables.csproj", "{AC008A79-31F8-4ABE-A753-565B89055D5D}"
EndProject
Project("{FAE04EC0-301F-11D3-BF4B-00C04F79EFBC}") = "08. Escaping", "Escaping\08. Escaping.csproj", "{283EB9D7-4F83-44FE-AB42-2954E240FD89}"
EndProject
Project("{FAE04EC0-301F-11D3-BF4B-00C04F79EFBC}") = "09. Copyright", "09. Copyright\09. Copyright.csproj", "{2FBA0C5F-DA3F-44F3-9492-118B612E6EBA}"
EndProject
Project("{FAE04EC0-301F-11D3-BF4B-00C04F79EFBC}") = "10. FirmInfo", "10. FirmInfo\10. FirmInfo.csproj", "{17005CD7-F540-4A97-94C8-05CE98028E27}"
EndProject
Project("{FAE04EC0-301F-11D3-BF4B-00C04F79EFBC}") = "11. ExchangeVariables", "11. ExchangeVariables\11. ExchangeVariables.csproj", "{F5628066-236B-4835-BB1B-963E33045BAA}"
EndProject
Project("{FAE04EC0-301F-11D3-BF4B-00C04F79EFBC}") = "12. UnicodeTable", "12. UnicodeTable\12. UnicodeTable.csproj", "{332D2927-01F3-4320-833E-21EB9D01E8E7}"
EndProject
Global
	GlobalSection(SolutionConfigurationPlatforms) = preSolution
		Debug|Any CPU = Debug|Any CPU
		Release|Any CPU = Release|Any CPU
	EndGlobalSection
	GlobalSection(ProjectConfigurationPlatforms) = postSolution
		{816A2684-E02C-49F2-B604-B5E24F1864F7}.Debug|Any CPU.ActiveCfg = Debug|Any CPU
		{816A2684-E02C-49F2-B604-B5E24F1864F7}.Debug|Any CPU.Build.0 = Debug|Any CPU
		{816A2684-E02C-49F2-B604-B5E24F1864F7}.Release|Any CPU.ActiveCfg = Release|Any CPU
		{816A2684-E02C-49F2-B604-B5E24F1864F7}.Release|Any CPU.Build.0 = Release|Any CPU
		{E9A21B0B-5FFC-4F9D-950D-DF3813F1178A}.Debug|Any CPU.ActiveCfg = Debug|Any CPU
		{E9A21B0B-5FFC-4F9D-950D-DF3813F1178A}.Debug|Any CPU.Build.0 = Debug|Any CPU
		{E9A21B0B-5FFC-4F9D-950D-DF3813F1178A}.Release|Any CPU.ActiveCfg = Release|Any CPU
		{E9A21B0B-5FFC-4F9D-950D-DF3813F1178A}.Release|Any CPU.Build.0 = Release|Any CPU
		{4017ABE5-56B7-4998-A0C4-99796CAEA33C}.Debug|Any CPU.ActiveCfg = Debug|Any CPU
		{4017ABE5-56B7-4998-A0C4-99796CAEA33C}.Debug|Any CPU.Build.0 = Debug|Any CPU
		{4017ABE5-56B7-4998-A0C4-99796CAEA33C}.Release|Any CPU.ActiveCfg = Release|Any CPU
		{4017ABE5-56B7-4998-A0C4-99796CAEA33C}.Release|Any CPU.Build.0 = Release|Any CPU
		{02088110-214B-418A-A7FA-765507185F54}.Debug|Any CPU.ActiveCfg = Debug|Any CPU
		{02088110-214B-418A-A7FA-765507185F54}.Debug|Any CPU.Build.0 = Debug|Any CPU
		{02088110-214B-418A-A7FA-765507185F54}.Release|Any CPU.ActiveCfg = Release|Any CPU
		{02088110-214B-418A-A7FA-765507185F54}.Release|Any CPU.Build.0 = Release|Any CPU
		{4E8102E1-B95B-40BD-A2A5-3417945B73E1}.Debug|Any CPU.ActiveCfg = Debug|Any CPU
		{4E8102E1-B95B-40BD-A2A5-3417945B73E1}.Debug|Any CPU.Build.0 = Debug|Any CPU
		{4E8102E1-B95B-40BD-A2A5-3417945B73E1}.Release|Any CPU.ActiveCfg = Release|Any CPU
		{4E8102E1-B95B-40BD-A2A5-3417945B73E1}.Release|Any CPU.Build.0 = Release|Any CPU
		{6F093ADF-1770-44F9-AF0E-D99600B1BBF1}.Debug|Any CPU.ActiveCfg = Debug|Any CPU
		{6F093ADF-1770-44F9-AF0E-D99600B1BBF1}.Debug|Any CPU.Build.0 = Debug|Any CPU
		{6F093ADF-1770-44F9-AF0E-D99600B1BBF1}.Release|Any CPU.ActiveCfg = Release|Any CPU
		{6F093ADF-1770-44F9-AF0E-D99600B1BBF1}.Release|Any CPU.Build.0 = Release|Any CPU
		{AC008A79-31F8-4ABE-A753-565B89055D5D}.Debug|Any CPU.ActiveCfg = Debug|Any CPU
		{AC008A79-31F8-4ABE-A753-565B89055D5D}.Debug|Any CPU.Build.0 = Debug|Any CPU
		{AC008A79-31F8-4ABE-A753-565B89055D5D}.Release|Any CPU.ActiveCfg = Release|Any CPU
		{AC008A79-31F8-4ABE-A753-565B89055D5D}.Release|Any CPU.Build.0 = Release|Any CPU
		{283EB9D7-4F83-44FE-AB42-2954E240FD89}.Debug|Any CPU.ActiveCfg = Debug|Any CPU
		{283EB9D7-4F83-44FE-AB42-2954E240FD89}.Debug|Any CPU.Build.0 = Debug|Any CPU
		{283EB9D7-4F83-44FE-AB42-2954E240FD89}.Release|Any CPU.ActiveCfg = Release|Any CPU
		{283EB9D7-4F83-44FE-AB42-2954E240FD89}.Release|Any CPU.Build.0 = Release|Any CPU
		{2FBA0C5F-DA3F-44F3-9492-118B612E6EBA}.Debug|Any CPU.ActiveCfg = Debug|Any CPU
		{2FBA0C5F-DA3F-44F3-9492-118B612E6EBA}.Debug|Any CPU.Build.0 = Debug|Any CPU
		{2FBA0C5F-DA3F-44F3-9492-118B612E6EBA}.Release|Any CPU.ActiveCfg = Release|Any CPU
		{2FBA0C5F-DA3F-44F3-9492-118B612E6EBA}.Release|Any CPU.Build.0 = Release|Any CPU
		{17005CD7-F540-4A97-94C8-05CE98028E27}.Debug|Any CPU.ActiveCfg = Debug|Any CPU
		{17005CD7-F540-4A97-94C8-05CE98028E27}.Debug|Any CPU.Build.0 = Debug|Any CPU
		{17005CD7-F540-4A97-94C8-05CE98028E27}.Release|Any CPU.ActiveCfg = Release|Any CPU
		{17005CD7-F540-4A97-94C8-05CE98028E27}.Release|Any CPU.Build.0 = Release|Any CPU
		{F5628066-236B-4835-BB1B-963E33045BAA}.Debug|Any CPU.ActiveCfg = Debug|Any CPU
		{F5628066-236B-4835-BB1B-963E33045BAA}.Debug|Any CPU.Build.0 = Debug|Any CPU
		{F5628066-236B-4835-BB1B-963E33045BAA}.Release|Any CPU.ActiveCfg = Release|Any CPU
		{F5628066-236B-4835-BB1B-963E33045BAA}.Release|Any CPU.Build.0 = Release|Any CPU
		{332D2927-01F3-4320-833E-21EB9D01E8E7}.Debug|Any CPU.ActiveCfg = Debug|Any CPU
		{332D2927-01F3-4320-833E-21EB9D01E8E7}.Debug|Any CPU.Build.0 = Debug|Any CPU
		{332D2927-01F3-4320-833E-21EB9D01E8E7}.Release|Any CPU.ActiveCfg = Release|Any CPU
		{332D2927-01F3-4320-833E-21EB9D01E8E7}.Release|Any CPU.Build.0 = Release|Any CPU
	EndGlobalSection
	GlobalSection(SolutionProperties) = preSolution
		HideSolutionNode = FALSE
	EndGlobalSection
EndGlobal
