
Microsoft Visual Studio Solution File, Format Version 12.00
# Visual Studio 2012
Project("{FAE04EC0-301F-11D3-BF4B-00C04F79EFBC}") = "01. TrippleRotationOfDigits", "01. TrippleRotationOfDigits\01. TrippleRotationOfDigits.csproj", "{CD375675-5D91-4F62-8ED4-82B13B2043B1}"
EndProject
Project("{FAE04EC0-301F-11D3-BF4B-00C04F79EFBC}") = "03. Poker", "03. Poker\03. Poker.csproj", "{C1CD29F0-7729-4DE9-B3AA-051DBBEF4A6B}"
EndProject
Project("{FAE04EC0-301F-11D3-BF4B-00C04F79EFBC}") = "02. MathExpression", "03. MathExpression\02. MathExpression.csproj", "{7FA150A8-EE87-465C-A5A2-9204D348AEAC}"
EndProject
Project("{FAE04EC0-301F-11D3-BF4B-00C04F79EFBC}") = "04. LeastMajorityMultiple", "04. LeastMajorityMultiple\04. LeastMajorityMultiple.csproj", "{B0E553D0-5835-4B1E-A0A3-3235DA3CB760}"
EndProject
Project("{FAE04EC0-301F-11D3-BF4B-00C04F79EFBC}") = "05. OddNumber", "05. OddNumber\05. OddNumber.csproj", "{12BEE9AB-AC29-4A49-881C-7BE1D4CB42BD}"
EndProject
Project("{FAE04EC0-301F-11D3-BF4B-00C04F79EFBC}") = "06. Tribonacci", "06. Tribonacci\06. Tribonacci.csproj", "{3394A762-E97D-46D0-B4F1-19CC6D563C8A}"
EndProject
Project("{FAE04EC0-301F-11D3-BF4B-00C04F79EFBC}") = "07. FairTree", "07. FairThree\07. FairTree.csproj", "{BC7C0C52-DB0E-438B-8544-50F80A1335A5}"
EndProject
Project("{FAE04EC0-301F-11D3-BF4B-00C04F79EFBC}") = "08. TelerikLogo", "08. WeAllLoveBits\08. TelerikLogo.csproj", "{CF81F6E4-3995-42BF-8E5A-FE5BDBAF49CC}"
EndProject
Project("{FAE04EC0-301F-11D3-BF4B-00C04F79EFBC}") = "09. CoordinateSystem", "09. CoordinateSystem\09. CoordinateSystem.csproj", "{59F3D3FA-6874-4314-8753-D49D34855A25}"
EndProject
Project("{FAE04EC0-301F-11D3-BF4B-00C04F79EFBC}") = "10. AstrologicalDigits", "10. MisCat\10. AstrologicalDigits.csproj", "{BD9D8BF1-5E95-4D4A-A418-C062EF4E9002}"
EndProject
Project("{FAE04EC0-301F-11D3-BF4B-00C04F79EFBC}") = "11.Miscat", "11.Miscat\11.Miscat.csproj", "{85534E53-8324-4788-A560-DF8DEFC9206E}"
EndProject
Project("{FAE04EC0-301F-11D3-BF4B-00C04F79EFBC}") = "12. BinaryDigit", "11. BinaryDigit\12. BinaryDigit.csproj", "{57E7BD4D-1C1C-49B7-956A-BC4271DCE385}"
EndProject
Project("{FAE04EC0-301F-11D3-BF4B-00C04F79EFBC}") = "13. FighterAttack", "13. FighterAttack\13. FighterAttack.csproj", "{6151B018-3036-49DC-8C9E-72AF33C2F22D}"
EndProject
Project("{FAE04EC0-301F-11D3-BF4B-00C04F79EFBC}") = "14. FallDown", "14. FallDown\14. FallDown.csproj", "{716C4B4F-0E14-4DC8-847C-89328B9E13FE}"
EndProject
Project("{FAE04EC0-301F-11D3-BF4B-00C04F79EFBC}") = "15. Pillars", "15. Pillars\15. Pillars.csproj", "{4BFF2C8A-73D9-4E2D-9F80-12977F538987}"
EndProject
Project("{FAE04EC0-301F-11D3-BF4B-00C04F79EFBC}") = "16. WeAllLoveBits", "16. WeAllLoveBits\16. WeAllLoveBits.csproj", "{D6CDEE8C-5FDF-4368-BD8C-18110D629553}"
EndProject
Project("{FAE04EC0-301F-11D3-BF4B-00C04F79EFBC}") = "17. ShipDamage", "17. ShipDamage\17. ShipDamage.csproj", "{DD20E81F-E765-41D8-AB39-19F70DE6DCDF}"
EndProject
Project("{FAE04EC0-301F-11D3-BF4B-00C04F79EFBC}") = "18. Lines", "18. Lines\18. Lines.csproj", "{A74845CC-203B-447B-8C06-4A4398882B1E}"
EndProject
Project("{FAE04EC0-301F-11D3-BF4B-00C04F79EFBC}") = "19. DancingBits", "19. DancingBits\19. DancingBits.csproj", "{271AA210-1494-40C2-9364-15D6783CF793}"
EndProject
Project("{FAE04EC0-301F-11D3-BF4B-00C04F79EFBC}") = "20. AngryBits", "20. AngryBits\20. AngryBits.csproj", "{BA8C74AA-1B3A-4F8B-9CE9-B9586B2F5415}"
EndProject
Project("{FAE04EC0-301F-11D3-BF4B-00C04F79EFBC}") = "21. QuadronacciRectangle", "21. QuadronacciRectangle\21. QuadronacciRectangle.csproj", "{1D5B4D68-597E-406A-8C7F-449D07DE8E59}"
EndProject
Project("{FAE04EC0-301F-11D3-BF4B-00C04F79EFBC}") = "22. TribonnaciTriangle", "22. TribonnaciTriangle\22. TribonnaciTriangle.csproj", "{27480997-158E-4D99-8E71-5633158CE3AE}"
EndProject
Project("{FAE04EC0-301F-11D3-BF4B-00C04F79EFBC}") = "23. Sheets", "22. Sheets\23. Sheets.csproj", "{9D192E75-942E-41EB-861F-19531AA0E180}"
EndProject
Project("{FAE04EC0-301F-11D3-BF4B-00C04F79EFBC}") = "24. Carpets", "24. Carpets\24. Carpets.csproj", "{AA6BC434-D1FD-4819-8007-E0A563CFC819}"
EndProject
Project("{FAE04EC0-301F-11D3-BF4B-00C04F79EFBC}") = "25. FormulaBit1", "25. FormulaBit1\25. FormulaBit1.csproj", "{D21B19A0-0449-447E-B2DF-D1B1EAB6E5C9}"
EndProject
Project("{FAE04EC0-301F-11D3-BF4B-00C04F79EFBC}") = "26. UKFlag", "26. UKFlag\26. UKFlag.csproj", "{BD7A22BA-4F2F-4816-8263-3686478F37FD}"
EndProject
Project("{FAE04EC0-301F-11D3-BF4B-00C04F79EFBC}") = "27. Anacii", "27. Anacii\27. Anacii.csproj", "{1DC521D8-9CF6-4AD1-8B6B-B371E3225CFF}"
EndProject
Project("{FAE04EC0-301F-11D3-BF4B-00C04F79EFBC}") = "28. ExcelColumns", "28.ExcelColumns\28. ExcelColumns.csproj", "{F92877EA-3BBB-491D-980A-1FF3FCD914AA}"
EndProject
Project("{FAE04EC0-301F-11D3-BF4B-00C04F79EFBC}") = "29. SevenlandNumber", "29. SevenlandNumber\29. SevenlandNumber.csproj", "{32B77F7A-2597-40DC-AC3C-246194A9D455}"
EndProject
Global
	GlobalSection(SolutionConfigurationPlatforms) = preSolution
		Debug|Any CPU = Debug|Any CPU
		Release|Any CPU = Release|Any CPU
	EndGlobalSection
	GlobalSection(ProjectConfigurationPlatforms) = postSolution
		{CD375675-5D91-4F62-8ED4-82B13B2043B1}.Debug|Any CPU.ActiveCfg = Debug|Any CPU
		{CD375675-5D91-4F62-8ED4-82B13B2043B1}.Debug|Any CPU.Build.0 = Debug|Any CPU
		{CD375675-5D91-4F62-8ED4-82B13B2043B1}.Release|Any CPU.ActiveCfg = Release|Any CPU
		{CD375675-5D91-4F62-8ED4-82B13B2043B1}.Release|Any CPU.Build.0 = Release|Any CPU
		{C1CD29F0-7729-4DE9-B3AA-051DBBEF4A6B}.Debug|Any CPU.ActiveCfg = Debug|Any CPU
		{C1CD29F0-7729-4DE9-B3AA-051DBBEF4A6B}.Debug|Any CPU.Build.0 = Debug|Any CPU
		{C1CD29F0-7729-4DE9-B3AA-051DBBEF4A6B}.Release|Any CPU.ActiveCfg = Release|Any CPU
		{C1CD29F0-7729-4DE9-B3AA-051DBBEF4A6B}.Release|Any CPU.Build.0 = Release|Any CPU
		{7FA150A8-EE87-465C-A5A2-9204D348AEAC}.Debug|Any CPU.ActiveCfg = Debug|Any CPU
		{7FA150A8-EE87-465C-A5A2-9204D348AEAC}.Debug|Any CPU.Build.0 = Debug|Any CPU
		{7FA150A8-EE87-465C-A5A2-9204D348AEAC}.Release|Any CPU.ActiveCfg = Release|Any CPU
		{7FA150A8-EE87-465C-A5A2-9204D348AEAC}.Release|Any CPU.Build.0 = Release|Any CPU
		{B0E553D0-5835-4B1E-A0A3-3235DA3CB760}.Debug|Any CPU.ActiveCfg = Debug|Any CPU
		{B0E553D0-5835-4B1E-A0A3-3235DA3CB760}.Debug|Any CPU.Build.0 = Debug|Any CPU
		{B0E553D0-5835-4B1E-A0A3-3235DA3CB760}.Release|Any CPU.ActiveCfg = Release|Any CPU
		{B0E553D0-5835-4B1E-A0A3-3235DA3CB760}.Release|Any CPU.Build.0 = Release|Any CPU
		{12BEE9AB-AC29-4A49-881C-7BE1D4CB42BD}.Debug|Any CPU.ActiveCfg = Debug|Any CPU
		{12BEE9AB-AC29-4A49-881C-7BE1D4CB42BD}.Debug|Any CPU.Build.0 = Debug|Any CPU
		{12BEE9AB-AC29-4A49-881C-7BE1D4CB42BD}.Release|Any CPU.ActiveCfg = Release|Any CPU
		{12BEE9AB-AC29-4A49-881C-7BE1D4CB42BD}.Release|Any CPU.Build.0 = Release|Any CPU
		{3394A762-E97D-46D0-B4F1-19CC6D563C8A}.Debug|Any CPU.ActiveCfg = Debug|Any CPU
		{3394A762-E97D-46D0-B4F1-19CC6D563C8A}.Debug|Any CPU.Build.0 = Debug|Any CPU
		{3394A762-E97D-46D0-B4F1-19CC6D563C8A}.Release|Any CPU.ActiveCfg = Release|Any CPU
		{3394A762-E97D-46D0-B4F1-19CC6D563C8A}.Release|Any CPU.Build.0 = Release|Any CPU
		{BC7C0C52-DB0E-438B-8544-50F80A1335A5}.Debug|Any CPU.ActiveCfg = Debug|Any CPU
		{BC7C0C52-DB0E-438B-8544-50F80A1335A5}.Debug|Any CPU.Build.0 = Debug|Any CPU
		{BC7C0C52-DB0E-438B-8544-50F80A1335A5}.Release|Any CPU.ActiveCfg = Release|Any CPU
		{BC7C0C52-DB0E-438B-8544-50F80A1335A5}.Release|Any CPU.Build.0 = Release|Any CPU
		{CF81F6E4-3995-42BF-8E5A-FE5BDBAF49CC}.Debug|Any CPU.ActiveCfg = Debug|Any CPU
		{CF81F6E4-3995-42BF-8E5A-FE5BDBAF49CC}.Debug|Any CPU.Build.0 = Debug|Any CPU
		{CF81F6E4-3995-42BF-8E5A-FE5BDBAF49CC}.Release|Any CPU.ActiveCfg = Release|Any CPU
		{CF81F6E4-3995-42BF-8E5A-FE5BDBAF49CC}.Release|Any CPU.Build.0 = Release|Any CPU
		{59F3D3FA-6874-4314-8753-D49D34855A25}.Debug|Any CPU.ActiveCfg = Debug|Any CPU
		{59F3D3FA-6874-4314-8753-D49D34855A25}.Debug|Any CPU.Build.0 = Debug|Any CPU
		{59F3D3FA-6874-4314-8753-D49D34855A25}.Release|Any CPU.ActiveCfg = Release|Any CPU
		{59F3D3FA-6874-4314-8753-D49D34855A25}.Release|Any CPU.Build.0 = Release|Any CPU
		{BD9D8BF1-5E95-4D4A-A418-C062EF4E9002}.Debug|Any CPU.ActiveCfg = Debug|Any CPU
		{BD9D8BF1-5E95-4D4A-A418-C062EF4E9002}.Debug|Any CPU.Build.0 = Debug|Any CPU
		{BD9D8BF1-5E95-4D4A-A418-C062EF4E9002}.Release|Any CPU.ActiveCfg = Release|Any CPU
		{BD9D8BF1-5E95-4D4A-A418-C062EF4E9002}.Release|Any CPU.Build.0 = Release|Any CPU
		{85534E53-8324-4788-A560-DF8DEFC9206E}.Debug|Any CPU.ActiveCfg = Debug|Any CPU
		{85534E53-8324-4788-A560-DF8DEFC9206E}.Debug|Any CPU.Build.0 = Debug|Any CPU
		{85534E53-8324-4788-A560-DF8DEFC9206E}.Release|Any CPU.ActiveCfg = Release|Any CPU
		{85534E53-8324-4788-A560-DF8DEFC9206E}.Release|Any CPU.Build.0 = Release|Any CPU
		{57E7BD4D-1C1C-49B7-956A-BC4271DCE385}.Debug|Any CPU.ActiveCfg = Debug|Any CPU
		{57E7BD4D-1C1C-49B7-956A-BC4271DCE385}.Debug|Any CPU.Build.0 = Debug|Any CPU
		{57E7BD4D-1C1C-49B7-956A-BC4271DCE385}.Release|Any CPU.ActiveCfg = Release|Any CPU
		{57E7BD4D-1C1C-49B7-956A-BC4271DCE385}.Release|Any CPU.Build.0 = Release|Any CPU
		{6151B018-3036-49DC-8C9E-72AF33C2F22D}.Debug|Any CPU.ActiveCfg = Debug|Any CPU
		{6151B018-3036-49DC-8C9E-72AF33C2F22D}.Debug|Any CPU.Build.0 = Debug|Any CPU
		{6151B018-3036-49DC-8C9E-72AF33C2F22D}.Release|Any CPU.ActiveCfg = Release|Any CPU
		{6151B018-3036-49DC-8C9E-72AF33C2F22D}.Release|Any CPU.Build.0 = Release|Any CPU
		{716C4B4F-0E14-4DC8-847C-89328B9E13FE}.Debug|Any CPU.ActiveCfg = Debug|Any CPU
		{716C4B4F-0E14-4DC8-847C-89328B9E13FE}.Debug|Any CPU.Build.0 = Debug|Any CPU
		{716C4B4F-0E14-4DC8-847C-89328B9E13FE}.Release|Any CPU.ActiveCfg = Release|Any CPU
		{716C4B4F-0E14-4DC8-847C-89328B9E13FE}.Release|Any CPU.Build.0 = Release|Any CPU
		{4BFF2C8A-73D9-4E2D-9F80-12977F538987}.Debug|Any CPU.ActiveCfg = Debug|Any CPU
		{4BFF2C8A-73D9-4E2D-9F80-12977F538987}.Debug|Any CPU.Build.0 = Debug|Any CPU
		{4BFF2C8A-73D9-4E2D-9F80-12977F538987}.Release|Any CPU.ActiveCfg = Release|Any CPU
		{4BFF2C8A-73D9-4E2D-9F80-12977F538987}.Release|Any CPU.Build.0 = Release|Any CPU
		{D6CDEE8C-5FDF-4368-BD8C-18110D629553}.Debug|Any CPU.ActiveCfg = Debug|Any CPU
		{D6CDEE8C-5FDF-4368-BD8C-18110D629553}.Debug|Any CPU.Build.0 = Debug|Any CPU
		{D6CDEE8C-5FDF-4368-BD8C-18110D629553}.Release|Any CPU.ActiveCfg = Release|Any CPU
		{D6CDEE8C-5FDF-4368-BD8C-18110D629553}.Release|Any CPU.Build.0 = Release|Any CPU
		{DD20E81F-E765-41D8-AB39-19F70DE6DCDF}.Debug|Any CPU.ActiveCfg = Debug|Any CPU
		{DD20E81F-E765-41D8-AB39-19F70DE6DCDF}.Debug|Any CPU.Build.0 = Debug|Any CPU
		{DD20E81F-E765-41D8-AB39-19F70DE6DCDF}.Release|Any CPU.ActiveCfg = Release|Any CPU
		{DD20E81F-E765-41D8-AB39-19F70DE6DCDF}.Release|Any CPU.Build.0 = Release|Any CPU
		{A74845CC-203B-447B-8C06-4A4398882B1E}.Debug|Any CPU.ActiveCfg = Debug|Any CPU
		{A74845CC-203B-447B-8C06-4A4398882B1E}.Debug|Any CPU.Build.0 = Debug|Any CPU
		{A74845CC-203B-447B-8C06-4A4398882B1E}.Release|Any CPU.ActiveCfg = Release|Any CPU
		{A74845CC-203B-447B-8C06-4A4398882B1E}.Release|Any CPU.Build.0 = Release|Any CPU
		{271AA210-1494-40C2-9364-15D6783CF793}.Debug|Any CPU.ActiveCfg = Debug|Any CPU
		{271AA210-1494-40C2-9364-15D6783CF793}.Debug|Any CPU.Build.0 = Debug|Any CPU
		{271AA210-1494-40C2-9364-15D6783CF793}.Release|Any CPU.ActiveCfg = Release|Any CPU
		{271AA210-1494-40C2-9364-15D6783CF793}.Release|Any CPU.Build.0 = Release|Any CPU
		{BA8C74AA-1B3A-4F8B-9CE9-B9586B2F5415}.Debug|Any CPU.ActiveCfg = Debug|Any CPU
		{BA8C74AA-1B3A-4F8B-9CE9-B9586B2F5415}.Debug|Any CPU.Build.0 = Debug|Any CPU
		{BA8C74AA-1B3A-4F8B-9CE9-B9586B2F5415}.Release|Any CPU.ActiveCfg = Release|Any CPU
		{BA8C74AA-1B3A-4F8B-9CE9-B9586B2F5415}.Release|Any CPU.Build.0 = Release|Any CPU
		{1D5B4D68-597E-406A-8C7F-449D07DE8E59}.Debug|Any CPU.ActiveCfg = Debug|Any CPU
		{1D5B4D68-597E-406A-8C7F-449D07DE8E59}.Debug|Any CPU.Build.0 = Debug|Any CPU
		{1D5B4D68-597E-406A-8C7F-449D07DE8E59}.Release|Any CPU.ActiveCfg = Release|Any CPU
		{1D5B4D68-597E-406A-8C7F-449D07DE8E59}.Release|Any CPU.Build.0 = Release|Any CPU
		{27480997-158E-4D99-8E71-5633158CE3AE}.Debug|Any CPU.ActiveCfg = Debug|Any CPU
		{27480997-158E-4D99-8E71-5633158CE3AE}.Debug|Any CPU.Build.0 = Debug|Any CPU
		{27480997-158E-4D99-8E71-5633158CE3AE}.Release|Any CPU.ActiveCfg = Release|Any CPU
		{27480997-158E-4D99-8E71-5633158CE3AE}.Release|Any CPU.Build.0 = Release|Any CPU
		{9D192E75-942E-41EB-861F-19531AA0E180}.Debug|Any CPU.ActiveCfg = Debug|Any CPU
		{9D192E75-942E-41EB-861F-19531AA0E180}.Debug|Any CPU.Build.0 = Debug|Any CPU
		{9D192E75-942E-41EB-861F-19531AA0E180}.Release|Any CPU.ActiveCfg = Release|Any CPU
		{9D192E75-942E-41EB-861F-19531AA0E180}.Release|Any CPU.Build.0 = Release|Any CPU
		{AA6BC434-D1FD-4819-8007-E0A563CFC819}.Debug|Any CPU.ActiveCfg = Debug|Any CPU
		{AA6BC434-D1FD-4819-8007-E0A563CFC819}.Debug|Any CPU.Build.0 = Debug|Any CPU
		{AA6BC434-D1FD-4819-8007-E0A563CFC819}.Release|Any CPU.ActiveCfg = Release|Any CPU
		{AA6BC434-D1FD-4819-8007-E0A563CFC819}.Release|Any CPU.Build.0 = Release|Any CPU
		{D21B19A0-0449-447E-B2DF-D1B1EAB6E5C9}.Debug|Any CPU.ActiveCfg = Debug|Any CPU
		{D21B19A0-0449-447E-B2DF-D1B1EAB6E5C9}.Debug|Any CPU.Build.0 = Debug|Any CPU
		{D21B19A0-0449-447E-B2DF-D1B1EAB6E5C9}.Release|Any CPU.ActiveCfg = Release|Any CPU
		{D21B19A0-0449-447E-B2DF-D1B1EAB6E5C9}.Release|Any CPU.Build.0 = Release|Any CPU
		{BD7A22BA-4F2F-4816-8263-3686478F37FD}.Debug|Any CPU.ActiveCfg = Debug|Any CPU
		{BD7A22BA-4F2F-4816-8263-3686478F37FD}.Debug|Any CPU.Build.0 = Debug|Any CPU
		{BD7A22BA-4F2F-4816-8263-3686478F37FD}.Release|Any CPU.ActiveCfg = Release|Any CPU
		{BD7A22BA-4F2F-4816-8263-3686478F37FD}.Release|Any CPU.Build.0 = Release|Any CPU
		{1DC521D8-9CF6-4AD1-8B6B-B371E3225CFF}.Debug|Any CPU.ActiveCfg = Debug|Any CPU
		{1DC521D8-9CF6-4AD1-8B6B-B371E3225CFF}.Debug|Any CPU.Build.0 = Debug|Any CPU
		{1DC521D8-9CF6-4AD1-8B6B-B371E3225CFF}.Release|Any CPU.ActiveCfg = Release|Any CPU
		{1DC521D8-9CF6-4AD1-8B6B-B371E3225CFF}.Release|Any CPU.Build.0 = Release|Any CPU
		{F92877EA-3BBB-491D-980A-1FF3FCD914AA}.Debug|Any CPU.ActiveCfg = Debug|Any CPU
		{F92877EA-3BBB-491D-980A-1FF3FCD914AA}.Debug|Any CPU.Build.0 = Debug|Any CPU
		{F92877EA-3BBB-491D-980A-1FF3FCD914AA}.Release|Any CPU.ActiveCfg = Release|Any CPU
		{F92877EA-3BBB-491D-980A-1FF3FCD914AA}.Release|Any CPU.Build.0 = Release|Any CPU
		{32B77F7A-2597-40DC-AC3C-246194A9D455}.Debug|Any CPU.ActiveCfg = Debug|Any CPU
		{32B77F7A-2597-40DC-AC3C-246194A9D455}.Debug|Any CPU.Build.0 = Debug|Any CPU
		{32B77F7A-2597-40DC-AC3C-246194A9D455}.Release|Any CPU.ActiveCfg = Release|Any CPU
		{32B77F7A-2597-40DC-AC3C-246194A9D455}.Release|Any CPU.Build.0 = Release|Any CPU
	EndGlobalSection
	GlobalSection(SolutionProperties) = preSolution
		HideSolutionNode = FALSE
	EndGlobalSection
EndGlobal
