
Microsoft Visual Studio Solution File, Format Version 12.00
# Visual Studio 2012
Project("{FAE04EC0-301F-11D3-BF4B-00C04F79EFBC}") = "01. IsLeapYear", "UsingClassesAndObjects\01. IsLeapYear.csproj", "{B10354B0-CE60-4E22-9486-E30E62D6D76F}"
EndProject
Project("{FAE04EC0-301F-11D3-BF4B-00C04F79EFBC}") = "02. TenRandomValues", "TenRandomValues\02. TenRandomValues.csproj", "{9932ECDE-A5DE-4B4C-AA8F-E8878EC171D1}"
EndProject
Project("{FAE04EC0-301F-11D3-BF4B-00C04F79EFBC}") = "03. WhichDayIsToday", "WhichDayIsToday\03. WhichDayIsToday.csproj", "{597A939A-F3C4-4AB1-967B-01F7EFF02079}"
EndProject
Project("{FAE04EC0-301F-11D3-BF4B-00C04F79EFBC}") = "04. SurfaceOfaTriangle", "SurfaceOfaTriangle\04. SurfaceOfaTriangle.csproj", "{D9E519C1-3AB0-42C2-9E83-2673C6CD2D73}"
EndProject
Project("{FAE04EC0-301F-11D3-BF4B-00C04F79EFBC}") = "05. WorkDays", "WorkDates\05. WorkDays.csproj", "{E85E91A3-33A3-42BE-8FE3-26E8DF839431}"
EndProject
Project("{FAE04EC0-301F-11D3-BF4B-00C04F79EFBC}") = "06. SumFromString", "SumFromString\06. SumFromString.csproj", "{0A644D9A-4F2D-4E6B-ADC3-02EB5B314A3F}"
EndProject
Global
	GlobalSection(SolutionConfigurationPlatforms) = preSolution
		Debug|Any CPU = Debug|Any CPU
		Release|Any CPU = Release|Any CPU
	EndGlobalSection
	GlobalSection(ProjectConfigurationPlatforms) = postSolution
		{B10354B0-CE60-4E22-9486-E30E62D6D76F}.Debug|Any CPU.ActiveCfg = Debug|Any CPU
		{B10354B0-CE60-4E22-9486-E30E62D6D76F}.Debug|Any CPU.Build.0 = Debug|Any CPU
		{B10354B0-CE60-4E22-9486-E30E62D6D76F}.Release|Any CPU.ActiveCfg = Release|Any CPU
		{B10354B0-CE60-4E22-9486-E30E62D6D76F}.Release|Any CPU.Build.0 = Release|Any CPU
		{9932ECDE-A5DE-4B4C-AA8F-E8878EC171D1}.Debug|Any CPU.ActiveCfg = Debug|Any CPU
		{9932ECDE-A5DE-4B4C-AA8F-E8878EC171D1}.Debug|Any CPU.Build.0 = Debug|Any CPU
		{9932ECDE-A5DE-4B4C-AA8F-E8878EC171D1}.Release|Any CPU.ActiveCfg = Release|Any CPU
		{9932ECDE-A5DE-4B4C-AA8F-E8878EC171D1}.Release|Any CPU.Build.0 = Release|Any CPU
		{597A939A-F3C4-4AB1-967B-01F7EFF02079}.Debug|Any CPU.ActiveCfg = Debug|Any CPU
		{597A939A-F3C4-4AB1-967B-01F7EFF02079}.Debug|Any CPU.Build.0 = Debug|Any CPU
		{597A939A-F3C4-4AB1-967B-01F7EFF02079}.Release|Any CPU.ActiveCfg = Release|Any CPU
		{597A939A-F3C4-4AB1-967B-01F7EFF02079}.Release|Any CPU.Build.0 = Release|Any CPU
		{D9E519C1-3AB0-42C2-9E83-2673C6CD2D73}.Debug|Any CPU.ActiveCfg = Debug|Any CPU
		{D9E519C1-3AB0-42C2-9E83-2673C6CD2D73}.Debug|Any CPU.Build.0 = Debug|Any CPU
		{D9E519C1-3AB0-42C2-9E83-2673C6CD2D73}.Release|Any CPU.ActiveCfg = Release|Any CPU
		{D9E519C1-3AB0-42C2-9E83-2673C6CD2D73}.Release|Any CPU.Build.0 = Release|Any CPU
		{E85E91A3-33A3-42BE-8FE3-26E8DF839431}.Debug|Any CPU.ActiveCfg = Debug|Any CPU
		{E85E91A3-33A3-42BE-8FE3-26E8DF839431}.Debug|Any CPU.Build.0 = Debug|Any CPU
		{E85E91A3-33A3-42BE-8FE3-26E8DF839431}.Release|Any CPU.ActiveCfg = Release|Any CPU
		{E85E91A3-33A3-42BE-8FE3-26E8DF839431}.Release|Any CPU.Build.0 = Release|Any CPU
		{0A644D9A-4F2D-4E6B-ADC3-02EB5B314A3F}.Debug|Any CPU.ActiveCfg = Debug|Any CPU
		{0A644D9A-4F2D-4E6B-ADC3-02EB5B314A3F}.Debug|Any CPU.Build.0 = Debug|Any CPU
		{0A644D9A-4F2D-4E6B-ADC3-02EB5B314A3F}.Release|Any CPU.ActiveCfg = Release|Any CPU
		{0A644D9A-4F2D-4E6B-ADC3-02EB5B314A3F}.Release|Any CPU.Build.0 = Release|Any CPU
	EndGlobalSection
	GlobalSection(SolutionProperties) = preSolution
		HideSolutionNode = FALSE
	EndGlobalSection
EndGlobal
