
Microsoft Visual Studio Solution File, Format Version 12.00
# Visual Studio 2012
Project("{FAE04EC0-301F-11D3-BF4B-00C04F79EFBC}") = "02. NumbersNotDevidebleTo3And7", "NumbersNotDevidebleTo3And7\02. NumbersNotDevidebleTo3And7.csproj", "{6DA846AF-90B2-4ED4-894D-793E8695545B}"
EndProject
Project("{FAE04EC0-301F-11D3-BF4B-00C04F79EFBC}") = "03. OneToNMaxAndMinNumbers", "OneToNMaxAndMinNumbers\03. OneToNMaxAndMinNumbers.csproj", "{A4447803-E32E-4E0E-8982-0E310236E0C0}"
EndProject
Project("{FAE04EC0-301F-11D3-BF4B-00C04F79EFBC}") = "04. NFactorielAndKFactorielDivide", "NFactorielAndKFactorielDivide\04. NFactorielAndKFactorielDivide.csproj", "{5A660215-1A50-4C24-8A92-FCFD161F11DB}"
EndProject
Project("{FAE04EC0-301F-11D3-BF4B-00C04F79EFBC}") = "05. CalculatingFactorialFormula2", "CalculatingFactorialFormula2\05. CalculatingFactorialFormula2.csproj", "{A02D493F-34C1-4EEC-BBAE-03E3E3DD2413}"
EndProject
Project("{FAE04EC0-301F-11D3-BF4B-00C04F79EFBC}") = "01. NumbersFrom1toN", "NumbersFrom1toN\01. NumbersFrom1toN.csproj", "{BB3CE64A-A241-4DC8-B98B-34C099A5A688}"
EndProject
Project("{FAE04EC0-301F-11D3-BF4B-00C04F79EFBC}") = "06. CalculateSquareAndFactorielFromula3", "CalculateSquareAndFactorielFromula3\06. CalculateSquareAndFactorielFromula3.csproj", "{60C236F3-9F48-4F1C-BD6F-C37B8633FC12}"
EndProject
Project("{FAE04EC0-301F-11D3-BF4B-00C04F79EFBC}") = "07. FirstNNumbersOfFibonacciSequence", "FirstNNumbersOfFibonacciSequence\07. FirstNNumbersOfFibonacciSequence.csproj", "{D816FB83-68CE-4EBF-8D28-0F4FFF16DD50}"
EndProject
Project("{FAE04EC0-301F-11D3-BF4B-00C04F79EFBC}") = "08. GCDOfTwoNumbers", "GCDOfTwoNumbers\08. GCDOfTwoNumbers.csproj", "{06B12E9D-377A-4F10-A964-DA7966F4E708}"
EndProject
Project("{FAE04EC0-301F-11D3-BF4B-00C04F79EFBC}") = "09. CatalansNumbers", "CatalansNumbers\09. CatalansNumbers.csproj", "{BC7CC815-3041-4031-BBC8-2C8C4D5F6E29}"
EndProject
Project("{FAE04EC0-301F-11D3-BF4B-00C04F79EFBC}") = "10. CalculateCatalanByAGivenNumber", "CalculateCatalanByAGivenNumber\10. CalculateCatalanByAGivenNumber.csproj", "{E34C7106-2177-434B-870B-6A9BD28F4F6E}"
EndProject
Project("{FAE04EC0-301F-11D3-BF4B-00C04F79EFBC}") = "11. AllPossibleCardsFromADeck", "AllPossibleCardsFromADeck\11. AllPossibleCardsFromADeck.csproj", "{CE22E3DB-ECF9-4068-BB86-165AF363E0B0}"
EndProject
Project("{FAE04EC0-301F-11D3-BF4B-00C04F79EFBC}") = "12. BasicMatrix", "BasicMatrix\12. BasicMatrix.csproj", "{D457CA64-13DE-498A-B034-F5172533045B}"
EndProject
Project("{FAE04EC0-301F-11D3-BF4B-00C04F79EFBC}") = "13. TrailingZerosInFactoriel", "TrailingZerosInFactoriel\13. TrailingZerosInFactoriel.csproj", "{1DD07F05-6763-4DD3-B635-A2377CBD0723}"
EndProject
Global
	GlobalSection(SolutionConfigurationPlatforms) = preSolution
		Debug|Any CPU = Debug|Any CPU
		Release|Any CPU = Release|Any CPU
	EndGlobalSection
	GlobalSection(ProjectConfigurationPlatforms) = postSolution
		{6DA846AF-90B2-4ED4-894D-793E8695545B}.Debug|Any CPU.ActiveCfg = Debug|Any CPU
		{6DA846AF-90B2-4ED4-894D-793E8695545B}.Debug|Any CPU.Build.0 = Debug|Any CPU
		{6DA846AF-90B2-4ED4-894D-793E8695545B}.Release|Any CPU.ActiveCfg = Release|Any CPU
		{6DA846AF-90B2-4ED4-894D-793E8695545B}.Release|Any CPU.Build.0 = Release|Any CPU
		{A4447803-E32E-4E0E-8982-0E310236E0C0}.Debug|Any CPU.ActiveCfg = Debug|Any CPU
		{A4447803-E32E-4E0E-8982-0E310236E0C0}.Debug|Any CPU.Build.0 = Debug|Any CPU
		{A4447803-E32E-4E0E-8982-0E310236E0C0}.Release|Any CPU.ActiveCfg = Release|Any CPU
		{A4447803-E32E-4E0E-8982-0E310236E0C0}.Release|Any CPU.Build.0 = Release|Any CPU
		{5A660215-1A50-4C24-8A92-FCFD161F11DB}.Debug|Any CPU.ActiveCfg = Debug|Any CPU
		{5A660215-1A50-4C24-8A92-FCFD161F11DB}.Debug|Any CPU.Build.0 = Debug|Any CPU
		{5A660215-1A50-4C24-8A92-FCFD161F11DB}.Release|Any CPU.ActiveCfg = Release|Any CPU
		{5A660215-1A50-4C24-8A92-FCFD161F11DB}.Release|Any CPU.Build.0 = Release|Any CPU
		{A02D493F-34C1-4EEC-BBAE-03E3E3DD2413}.Debug|Any CPU.ActiveCfg = Debug|Any CPU
		{A02D493F-34C1-4EEC-BBAE-03E3E3DD2413}.Debug|Any CPU.Build.0 = Debug|Any CPU
		{A02D493F-34C1-4EEC-BBAE-03E3E3DD2413}.Release|Any CPU.ActiveCfg = Release|Any CPU
		{A02D493F-34C1-4EEC-BBAE-03E3E3DD2413}.Release|Any CPU.Build.0 = Release|Any CPU
		{BB3CE64A-A241-4DC8-B98B-34C099A5A688}.Debug|Any CPU.ActiveCfg = Debug|Any CPU
		{BB3CE64A-A241-4DC8-B98B-34C099A5A688}.Debug|Any CPU.Build.0 = Debug|Any CPU
		{BB3CE64A-A241-4DC8-B98B-34C099A5A688}.Release|Any CPU.ActiveCfg = Release|Any CPU
		{BB3CE64A-A241-4DC8-B98B-34C099A5A688}.Release|Any CPU.Build.0 = Release|Any CPU
		{60C236F3-9F48-4F1C-BD6F-C37B8633FC12}.Debug|Any CPU.ActiveCfg = Debug|Any CPU
		{60C236F3-9F48-4F1C-BD6F-C37B8633FC12}.Debug|Any CPU.Build.0 = Debug|Any CPU
		{60C236F3-9F48-4F1C-BD6F-C37B8633FC12}.Release|Any CPU.ActiveCfg = Release|Any CPU
		{60C236F3-9F48-4F1C-BD6F-C37B8633FC12}.Release|Any CPU.Build.0 = Release|Any CPU
		{D816FB83-68CE-4EBF-8D28-0F4FFF16DD50}.Debug|Any CPU.ActiveCfg = Debug|Any CPU
		{D816FB83-68CE-4EBF-8D28-0F4FFF16DD50}.Debug|Any CPU.Build.0 = Debug|Any CPU
		{D816FB83-68CE-4EBF-8D28-0F4FFF16DD50}.Release|Any CPU.ActiveCfg = Release|Any CPU
		{D816FB83-68CE-4EBF-8D28-0F4FFF16DD50}.Release|Any CPU.Build.0 = Release|Any CPU
		{06B12E9D-377A-4F10-A964-DA7966F4E708}.Debug|Any CPU.ActiveCfg = Debug|Any CPU
		{06B12E9D-377A-4F10-A964-DA7966F4E708}.Debug|Any CPU.Build.0 = Debug|Any CPU
		{06B12E9D-377A-4F10-A964-DA7966F4E708}.Release|Any CPU.ActiveCfg = Release|Any CPU
		{06B12E9D-377A-4F10-A964-DA7966F4E708}.Release|Any CPU.Build.0 = Release|Any CPU
		{BC7CC815-3041-4031-BBC8-2C8C4D5F6E29}.Debug|Any CPU.ActiveCfg = Debug|Any CPU
		{BC7CC815-3041-4031-BBC8-2C8C4D5F6E29}.Debug|Any CPU.Build.0 = Debug|Any CPU
		{BC7CC815-3041-4031-BBC8-2C8C4D5F6E29}.Release|Any CPU.ActiveCfg = Release|Any CPU
		{BC7CC815-3041-4031-BBC8-2C8C4D5F6E29}.Release|Any CPU.Build.0 = Release|Any CPU
		{E34C7106-2177-434B-870B-6A9BD28F4F6E}.Debug|Any CPU.ActiveCfg = Debug|Any CPU
		{E34C7106-2177-434B-870B-6A9BD28F4F6E}.Debug|Any CPU.Build.0 = Debug|Any CPU
		{E34C7106-2177-434B-870B-6A9BD28F4F6E}.Release|Any CPU.ActiveCfg = Release|Any CPU
		{E34C7106-2177-434B-870B-6A9BD28F4F6E}.Release|Any CPU.Build.0 = Release|Any CPU
		{CE22E3DB-ECF9-4068-BB86-165AF363E0B0}.Debug|Any CPU.ActiveCfg = Debug|Any CPU
		{CE22E3DB-ECF9-4068-BB86-165AF363E0B0}.Debug|Any CPU.Build.0 = Debug|Any CPU
		{CE22E3DB-ECF9-4068-BB86-165AF363E0B0}.Release|Any CPU.ActiveCfg = Release|Any CPU
		{CE22E3DB-ECF9-4068-BB86-165AF363E0B0}.Release|Any CPU.Build.0 = Release|Any CPU
		{D457CA64-13DE-498A-B034-F5172533045B}.Debug|Any CPU.ActiveCfg = Debug|Any CPU
		{D457CA64-13DE-498A-B034-F5172533045B}.Debug|Any CPU.Build.0 = Debug|Any CPU
		{D457CA64-13DE-498A-B034-F5172533045B}.Release|Any CPU.ActiveCfg = Release|Any CPU
		{D457CA64-13DE-498A-B034-F5172533045B}.Release|Any CPU.Build.0 = Release|Any CPU
		{1DD07F05-6763-4DD3-B635-A2377CBD0723}.Debug|Any CPU.ActiveCfg = Debug|Any CPU
		{1DD07F05-6763-4DD3-B635-A2377CBD0723}.Debug|Any CPU.Build.0 = Debug|Any CPU
		{1DD07F05-6763-4DD3-B635-A2377CBD0723}.Release|Any CPU.ActiveCfg = Release|Any CPU
		{1DD07F05-6763-4DD3-B635-A2377CBD0723}.Release|Any CPU.Build.0 = Release|Any CPU
	EndGlobalSection
	GlobalSection(SolutionProperties) = preSolution
		HideSolutionNode = FALSE
	EndGlobalSection
EndGlobal
